// !$*UTF8*$!
{
	archiveVersion = 1;
	classes = {
	};
	objectVersion = 45;
	objects = {

/* Begin PBXBuildFile section */
		0560A0620F69C83E0031A852 /* CodeWatchAppController.m in Sources */ = {isa = PBXBuildFile; fileRef = 0560A05A0F69C83E0031A852 /* CodeWatchAppController.m */; };
		0560A0630F69C83E0031A852 /* CodeWatchAppDelegate.m in Sources */ = {isa = PBXBuildFile; fileRef = 0560A05C0F69C83E0031A852 /* CodeWatchAppDelegate.m */; };
		0560A0640F69C83E0031A852 /* UILogInMgr.m in Sources */ = {isa = PBXBuildFile; fileRef = 0560A0610F69C83E0031A852 /* UILogInMgr.m */; };
		0599363C0F6975A80005B934 /* MainWindow.xib in Resources */ = {isa = PBXBuildFile; fileRef = 059936380F6975A80005B934 /* MainWindow.xib */; };
		1D60589B0D05DD56006BFB54 /* main.m in Sources */ = {isa = PBXBuildFile; fileRef = 29B97316FDCFA39411CA2CEA /* main.m */; };
		1D60589F0D05DD5A006BFB54 /* Foundation.framework in Frameworks */ = {isa = PBXBuildFile; fileRef = 1D30AB110D05D00D00671497 /* Foundation.framework */; };
		1DF5F4E00D08C38300B7A737 /* UIKit.framework in Frameworks */ = {isa = PBXBuildFile; fileRef = 1DF5F4DF0D08C38300B7A737 /* UIKit.framework */; };
		288765080DF74369002DB57D /* CoreGraphics.framework in Frameworks */ = {isa = PBXBuildFile; fileRef = 288765070DF74369002DB57D /* CoreGraphics.framework */; };
		910D80CC0F697DB30068CBF3 /* UserView.xib in Resources */ = {isa = PBXBuildFile; fileRef = 910D80CA0F697DB30068CBF3 /* UserView.xib */; };
		910D81160F6987EB0068CBF3 /* LogInView.xib in Resources */ = {isa = PBXBuildFile; fileRef = 910D81140F6987EB0068CBF3 /* LogInView.xib */; };
		910D812B0F699C680068CBF3 /* SearchRepoView.xib in Resources */ = {isa = PBXBuildFile; fileRef = 910D81290F699C680068CBF3 /* SearchRepoView.xib */; };
		910D82240F69CAC90068CBF3 /* LogInState.m in Sources */ = {isa = PBXBuildFile; fileRef = 910D82230F69CAC90068CBF3 /* LogInState.m */; };
		910D823E0F69D4F50068CBF3 /* LogInPersistenceStore.m in Sources */ = {isa = PBXBuildFile; fileRef = 910D823D0F69D4F50068CBF3 /* LogInPersistenceStore.m */; };
		910D82830F69DDF00068CBF3 /* PListUtils.m in Sources */ = {isa = PBXBuildFile; fileRef = 910D82820F69DDF00068CBF3 /* PListUtils.m */; };
		910D82880F69DE0B0068CBF3 /* InfoPlistConfigReader.m in Sources */ = {isa = PBXBuildFile; fileRef = 910D82870F69DE0B0068CBF3 /* InfoPlistConfigReader.m */; };
		910D828B0F69E0180068CBF3 /* LogInState.plist in Resources */ = {isa = PBXBuildFile; fileRef = 910D828A0F69E0180068CBF3 /* LogInState.plist */; };
		9152A0F70F6A1F540037A52F /* Icon.png in Resources */ = {isa = PBXBuildFile; fileRef = 9152A0F60F6A1F540037A52F /* Icon.png */; };
		9152A10F0F6AB24B0037A52F /* SFHFKeychainUtils.m in Sources */ = {isa = PBXBuildFile; fileRef = 9152A10E0F6AB24B0037A52F /* SFHFKeychainUtils.m */; };
		9152A1280F6AB7570037A52F /* Security.framework in Frameworks */ = {isa = PBXBuildFile; fileRef = 9152A1270F6AB7570037A52F /* Security.framework */; };
/* End PBXBuildFile section */

/* Begin PBXFileReference section */
		0560A0590F69C83E0031A852 /* CodeWatchAppController.h */ = {isa = PBXFileReference; fileEncoding = 4; lastKnownFileType = sourcecode.c.h; path = CodeWatchAppController.h; sourceTree = "<group>"; };
		0560A05A0F69C83E0031A852 /* CodeWatchAppController.m */ = {isa = PBXFileReference; fileEncoding = 4; lastKnownFileType = sourcecode.c.objc; path = CodeWatchAppController.m; sourceTree = "<group>"; };
		0560A05B0F69C83E0031A852 /* CodeWatchAppDelegate.h */ = {isa = PBXFileReference; fileEncoding = 4; lastKnownFileType = sourcecode.c.h; path = CodeWatchAppDelegate.h; sourceTree = "<group>"; };
		0560A05C0F69C83E0031A852 /* CodeWatchAppDelegate.m */ = {isa = PBXFileReference; fileEncoding = 4; lastKnownFileType = sourcecode.c.objc; path = CodeWatchAppDelegate.m; sourceTree = "<group>"; };
		0560A05E0F69C83E0031A852 /* LogInMgr.h */ = {isa = PBXFileReference; fileEncoding = 4; lastKnownFileType = sourcecode.c.h; path = LogInMgr.h; sourceTree = "<group>"; };
		0560A0600F69C83E0031A852 /* UILogInMgr.h */ = {isa = PBXFileReference; fileEncoding = 4; lastKnownFileType = sourcecode.c.h; path = UILogInMgr.h; sourceTree = "<group>"; };
		0560A0610F69C83E0031A852 /* UILogInMgr.m */ = {isa = PBXFileReference; fileEncoding = 4; lastKnownFileType = sourcecode.c.objc; path = UILogInMgr.m; sourceTree = "<group>"; };
		059936390F6975A80005B934 /* en */ = {isa = PBXFileReference; lastKnownFileType = file.xib; name = en; path = en.lproj/MainWindow.xib; sourceTree = "<group>"; };
		1D30AB110D05D00D00671497 /* Foundation.framework */ = {isa = PBXFileReference; lastKnownFileType = wrapper.framework; name = Foundation.framework; path = System/Library/Frameworks/Foundation.framework; sourceTree = SDKROOT; };
		1D6058910D05DD3D006BFB54 /* Code Watch.app */ = {isa = PBXFileReference; explicitFileType = wrapper.application; includeInIndex = 0; path = "Code Watch.app"; sourceTree = BUILT_PRODUCTS_DIR; };
		1DF5F4DF0D08C38300B7A737 /* UIKit.framework */ = {isa = PBXFileReference; lastKnownFileType = wrapper.framework; name = UIKit.framework; path = System/Library/Frameworks/UIKit.framework; sourceTree = SDKROOT; };
		288765070DF74369002DB57D /* CoreGraphics.framework */ = {isa = PBXFileReference; lastKnownFileType = wrapper.framework; name = CoreGraphics.framework; path = System/Library/Frameworks/CoreGraphics.framework; sourceTree = SDKROOT; };
		28A0AB4B0D9B1048005BE974 /* code_watch_Prefix.pch */ = {isa = PBXFileReference; fileEncoding = 4; lastKnownFileType = sourcecode.c.h; path = code_watch_Prefix.pch; sourceTree = "<group>"; };
		29B97316FDCFA39411CA2CEA /* main.m */ = {isa = PBXFileReference; fileEncoding = 4; lastKnownFileType = sourcecode.c.objc; path = main.m; sourceTree = "<group>"; };
		8D1107310486CEB800E47090 /* Info.plist */ = {isa = PBXFileReference; fileEncoding = 4; lastKnownFileType = text.plist.xml; path = Info.plist; sourceTree = "<group>"; };
		910D80CB0F697DB30068CBF3 /* en */ = {isa = PBXFileReference; lastKnownFileType = file.xib; name = en; path = en.lproj/UserView.xib; sourceTree = "<group>"; };
		910D81150F6987EB0068CBF3 /* en */ = {isa = PBXFileReference; lastKnownFileType = file.xib; name = en; path = en.lproj/LogInView.xib; sourceTree = "<group>"; };
		910D812A0F699C680068CBF3 /* en */ = {isa = PBXFileReference; lastKnownFileType = file.xib; name = en; path = en.lproj/SearchRepoView.xib; sourceTree = "<group>"; };
		910D82220F69CAC90068CBF3 /* LogInState.h */ = {isa = PBXFileReference; fileEncoding = 4; lastKnownFileType = sourcecode.c.h; path = LogInState.h; sourceTree = "<group>"; };
		910D82230F69CAC90068CBF3 /* LogInState.m */ = {isa = PBXFileReference; fileEncoding = 4; lastKnownFileType = sourcecode.c.objc; path = LogInState.m; sourceTree = "<group>"; };
		910D823C0F69D4F50068CBF3 /* LogInPersistenceStore.h */ = {isa = PBXFileReference; fileEncoding = 4; lastKnownFileType = sourcecode.c.h; path = LogInPersistenceStore.h; sourceTree = "<group>"; };
		910D823D0F69D4F50068CBF3 /* LogInPersistenceStore.m */ = {isa = PBXFileReference; fileEncoding = 4; lastKnownFileType = sourcecode.c.objc; path = LogInPersistenceStore.m; sourceTree = "<group>"; };
		910D82800F69DDF00068CBF3 /* PersistenceStore.h */ = {isa = PBXFileReference; fileEncoding = 4; lastKnownFileType = sourcecode.c.h; path = PersistenceStore.h; sourceTree = "<group>"; };
		910D82810F69DDF00068CBF3 /* PListUtils.h */ = {isa = PBXFileReference; fileEncoding = 4; lastKnownFileType = sourcecode.c.h; path = PListUtils.h; sourceTree = "<group>"; };
		910D82820F69DDF00068CBF3 /* PListUtils.m */ = {isa = PBXFileReference; fileEncoding = 4; lastKnownFileType = sourcecode.c.objc; path = PListUtils.m; sourceTree = "<group>"; };
		910D82850F69DE0B0068CBF3 /* ConfigReader.h */ = {isa = PBXFileReference; fileEncoding = 4; lastKnownFileType = sourcecode.c.h; path = ConfigReader.h; sourceTree = "<group>"; };
		910D82860F69DE0B0068CBF3 /* InfoPlistConfigReader.h */ = {isa = PBXFileReference; fileEncoding = 4; lastKnownFileType = sourcecode.c.h; path = InfoPlistConfigReader.h; sourceTree = "<group>"; };
		910D82870F69DE0B0068CBF3 /* InfoPlistConfigReader.m */ = {isa = PBXFileReference; fileEncoding = 4; lastKnownFileType = sourcecode.c.objc; path = InfoPlistConfigReader.m; sourceTree = "<group>"; };
		910D828A0F69E0180068CBF3 /* LogInState.plist */ = {isa = PBXFileReference; fileEncoding = 4; lastKnownFileType = text.plist.xml; path = LogInState.plist; sourceTree = "<group>"; };
		910D830A0F6A01200068CBF3 /* LogInStateReader.h */ = {isa = PBXFileReference; fileEncoding = 4; lastKnownFileType = sourcecode.c.h; path = LogInStateReader.h; sourceTree = "<group>"; };
		910D830D0F6A012B0068CBF3 /* LogInStateSetter.h */ = {isa = PBXFileReference; fileEncoding = 4; lastKnownFileType = sourcecode.c.h; path = LogInStateSetter.h; sourceTree = "<group>"; };
		9152A0F60F6A1F540037A52F /* Icon.png */ = {isa = PBXFileReference; lastKnownFileType = image.png; path = Icon.png; sourceTree = "<group>"; };
		9152A10D0F6AB24B0037A52F /* SFHFKeychainUtils.h */ = {isa = PBXFileReference; fileEncoding = 4; lastKnownFileType = sourcecode.c.h; path = SFHFKeychainUtils.h; sourceTree = "<group>"; };
		9152A10E0F6AB24B0037A52F /* SFHFKeychainUtils.m */ = {isa = PBXFileReference; fileEncoding = 4; lastKnownFileType = sourcecode.c.objc; path = SFHFKeychainUtils.m; sourceTree = "<group>"; };
		9152A1270F6AB7570037A52F /* Security.framework */ = {isa = PBXFileReference; lastKnownFileType = wrapper.framework; name = Security.framework; path = /System/Library/Frameworks/Security.framework; sourceTree = "<absolute>"; };
/* End PBXFileReference section */

/* Begin PBXFrameworksBuildPhase section */
		1D60588F0D05DD3D006BFB54 /* Frameworks */ = {
			isa = PBXFrameworksBuildPhase;
			buildActionMask = 2147483647;
			files = (
				1D60589F0D05DD5A006BFB54 /* Foundation.framework in Frameworks */,
				1DF5F4E00D08C38300B7A737 /* UIKit.framework in Frameworks */,
				288765080DF74369002DB57D /* CoreGraphics.framework in Frameworks */,
				9152A1280F6AB7570037A52F /* Security.framework in Frameworks */,
			);
			runOnlyForDeploymentPostprocessing = 0;
		};
/* End PBXFrameworksBuildPhase section */

/* Begin PBXGroup section */
		0560A0580F69C83E0031A852 /* app-controller */ = {
			isa = PBXGroup;
			children = (
				0560A0590F69C83E0031A852 /* CodeWatchAppController.h */,
				0560A05A0F69C83E0031A852 /* CodeWatchAppController.m */,
				0560A05B0F69C83E0031A852 /* CodeWatchAppDelegate.h */,
				0560A05C0F69C83E0031A852 /* CodeWatchAppDelegate.m */,
			);
			path = "app-controller";
			sourceTree = "<group>";
		};
		0560A05D0F69C83E0031A852 /* log-in */ = {
			isa = PBXGroup;
			children = (
				0560A05E0F69C83E0031A852 /* LogInMgr.h */,
				0560A0600F69C83E0031A852 /* UILogInMgr.h */,
				0560A0610F69C83E0031A852 /* UILogInMgr.m */,
				910D82220F69CAC90068CBF3 /* LogInState.h */,
				910D82230F69CAC90068CBF3 /* LogInState.m */,
				910D823C0F69D4F50068CBF3 /* LogInPersistenceStore.h */,
				910D823D0F69D4F50068CBF3 /* LogInPersistenceStore.m */,
				910D830A0F6A01200068CBF3 /* LogInStateReader.h */,
				910D830D0F6A012B0068CBF3 /* LogInStateSetter.h */,
			);
			path = "log-in";
			sourceTree = "<group>";
		};
		080E96DDFE201D6D7F000001 /* Classes */ = {
			isa = PBXGroup;
			children = (
				9152A10B0F6AB24B0037A52F /* vendor */,
				910D82840F69DE0B0068CBF3 /* config-mgmt */,
				910D827F0F69DDF00068CBF3 /* persistence */,
				0560A0580F69C83E0031A852 /* app-controller */,
				0560A05D0F69C83E0031A852 /* log-in */,
			);
			path = Classes;
			sourceTree = "<group>";
		};
		19C28FACFE9D520D11CA2CBB /* Products */ = {
			isa = PBXGroup;
			children = (
				1D6058910D05DD3D006BFB54 /* Code Watch.app */,
			);
			name = Products;
			sourceTree = "<group>";
		};
		29B97314FDCFA39411CA2CEA /* code-watch */ = {
			isa = PBXGroup;
			children = (
				080E96DDFE201D6D7F000001 /* Classes */,
				29B97315FDCFA39411CA2CEA /* Other Sources */,
				29B97317FDCFA39411CA2CEA /* Resources */,
				29B97323FDCFA39411CA2CEA /* Frameworks */,
				19C28FACFE9D520D11CA2CBB /* Products */,
			);
			name = "code-watch";
			sourceTree = "<group>";
		};
		29B97315FDCFA39411CA2CEA /* Other Sources */ = {
			isa = PBXGroup;
			children = (
				28A0AB4B0D9B1048005BE974 /* code_watch_Prefix.pch */,
				29B97316FDCFA39411CA2CEA /* main.m */,
			);
			name = "Other Sources";
			sourceTree = "<group>";
		};
		29B97317FDCFA39411CA2CEA /* Resources */ = {
			isa = PBXGroup;
			children = (
				9152A0F60F6A1F540037A52F /* Icon.png */,
				910D82890F69DFD50068CBF3 /* PLists */,
				059936380F6975A80005B934 /* MainWindow.xib */,
				910D80CA0F697DB30068CBF3 /* UserView.xib */,
				910D81140F6987EB0068CBF3 /* LogInView.xib */,
				910D81290F699C680068CBF3 /* SearchRepoView.xib */,
			);
			name = Resources;
			sourceTree = "<group>";
		};
		29B97323FDCFA39411CA2CEA /* Frameworks */ = {
			isa = PBXGroup;
			children = (
				9152A1270F6AB7570037A52F /* Security.framework */,
				1DF5F4DF0D08C38300B7A737 /* UIKit.framework */,
				1D30AB110D05D00D00671497 /* Foundation.framework */,
				288765070DF74369002DB57D /* CoreGraphics.framework */,
			);
			name = Frameworks;
			sourceTree = "<group>";
		};
		910D827F0F69DDF00068CBF3 /* persistence */ = {
			isa = PBXGroup;
			children = (
				910D82800F69DDF00068CBF3 /* PersistenceStore.h */,
				910D82810F69DDF00068CBF3 /* PListUtils.h */,
				910D82820F69DDF00068CBF3 /* PListUtils.m */,
			);
			path = persistence;
			sourceTree = "<group>";
		};
		910D82840F69DE0B0068CBF3 /* config-mgmt */ = {
			isa = PBXGroup;
			children = (
				910D82850F69DE0B0068CBF3 /* ConfigReader.h */,
				910D82860F69DE0B0068CBF3 /* InfoPlistConfigReader.h */,
				910D82870F69DE0B0068CBF3 /* InfoPlistConfigReader.m */,
			);
			path = "config-mgmt";
			sourceTree = "<group>";
		};
		910D82890F69DFD50068CBF3 /* PLists */ = {
			isa = PBXGroup;
			children = (
				8D1107310486CEB800E47090 /* Info.plist */,
				910D828A0F69E0180068CBF3 /* LogInState.plist */,
			);
			name = PLists;
			sourceTree = "<group>";
		};
		9152A10B0F6AB24B0037A52F /* vendor */ = {
			isa = PBXGroup;
			children = (
				9152A10C0F6AB24B0037A52F /* sfh-keychain-utils */,
			);
			path = vendor;
			sourceTree = "<group>";
		};
		9152A10C0F6AB24B0037A52F /* sfh-keychain-utils */ = {
			isa = PBXGroup;
			children = (
				9152A10D0F6AB24B0037A52F /* SFHFKeychainUtils.h */,
				9152A10E0F6AB24B0037A52F /* SFHFKeychainUtils.m */,
			);
			path = "sfh-keychain-utils";
			sourceTree = "<group>";
		};
/* End PBXGroup section */

/* Begin PBXNativeTarget section */
		1D6058900D05DD3D006BFB54 /* code-watch */ = {
			isa = PBXNativeTarget;
			buildConfigurationList = 1D6058960D05DD3E006BFB54 /* Build configuration list for PBXNativeTarget "code-watch" */;
			buildPhases = (
				1D60588D0D05DD3D006BFB54 /* Resources */,
				1D60588E0D05DD3D006BFB54 /* Sources */,
				1D60588F0D05DD3D006BFB54 /* Frameworks */,
			);
			buildRules = (
			);
			dependencies = (
			);
			name = "code-watch";
			productName = "code-watch";
			productReference = 1D6058910D05DD3D006BFB54 /* Code Watch.app */;
			productType = "com.apple.product-type.application";
		};
/* End PBXNativeTarget section */

/* Begin PBXProject section */
		29B97313FDCFA39411CA2CEA /* Project object */ = {
			isa = PBXProject;
			buildConfigurationList = C01FCF4E08A954540054247B /* Build configuration list for PBXProject "code-watch" */;
			compatibilityVersion = "Xcode 3.1";
			hasScannedForEncodings = 1;
			knownRegions = (
				English,
				Japanese,
				French,
				German,
				en,
			);
			mainGroup = 29B97314FDCFA39411CA2CEA /* code-watch */;
			projectDirPath = "";
			projectRoot = "";
			targets = (
				1D6058900D05DD3D006BFB54 /* code-watch */,
			);
		};
/* End PBXProject section */

/* Begin PBXResourcesBuildPhase section */
		1D60588D0D05DD3D006BFB54 /* Resources */ = {
			isa = PBXResourcesBuildPhase;
			buildActionMask = 2147483647;
			files = (
				0599363C0F6975A80005B934 /* MainWindow.xib in Resources */,
				910D80CC0F697DB30068CBF3 /* UserView.xib in Resources */,
				910D81160F6987EB0068CBF3 /* LogInView.xib in Resources */,
				910D812B0F699C680068CBF3 /* SearchRepoView.xib in Resources */,
				910D828B0F69E0180068CBF3 /* LogInState.plist in Resources */,
				9152A0F70F6A1F540037A52F /* Icon.png in Resources */,
			);
			runOnlyForDeploymentPostprocessing = 0;
		};
/* End PBXResourcesBuildPhase section */

/* Begin PBXSourcesBuildPhase section */
		1D60588E0D05DD3D006BFB54 /* Sources */ = {
			isa = PBXSourcesBuildPhase;
			buildActionMask = 2147483647;
			files = (
				1D60589B0D05DD56006BFB54 /* main.m in Sources */,
				0560A0620F69C83E0031A852 /* CodeWatchAppController.m in Sources */,
				0560A0630F69C83E0031A852 /* CodeWatchAppDelegate.m in Sources */,
				0560A0640F69C83E0031A852 /* UILogInMgr.m in Sources */,
				910D82240F69CAC90068CBF3 /* LogInState.m in Sources */,
				910D823E0F69D4F50068CBF3 /* LogInPersistenceStore.m in Sources */,
				910D82830F69DDF00068CBF3 /* PListUtils.m in Sources */,
				910D82880F69DE0B0068CBF3 /* InfoPlistConfigReader.m in Sources */,
				9152A10F0F6AB24B0037A52F /* SFHFKeychainUtils.m in Sources */,
			);
			runOnlyForDeploymentPostprocessing = 0;
		};
/* End PBXSourcesBuildPhase section */

/* Begin PBXVariantGroup section */
		059936380F6975A80005B934 /* MainWindow.xib */ = {
			isa = PBXVariantGroup;
			children = (
				059936390F6975A80005B934 /* en */,
			);
			name = MainWindow.xib;
			sourceTree = "<group>";
		};
		910D80CA0F697DB30068CBF3 /* UserView.xib */ = {
			isa = PBXVariantGroup;
			children = (
				910D80CB0F697DB30068CBF3 /* en */,
			);
			name = UserView.xib;
			sourceTree = "<group>";
		};
		910D81140F6987EB0068CBF3 /* LogInView.xib */ = {
			isa = PBXVariantGroup;
			children = (
				910D81150F6987EB0068CBF3 /* en */,
			);
			name = LogInView.xib;
			sourceTree = "<group>";
		};
		910D81290F699C680068CBF3 /* SearchRepoView.xib */ = {
			isa = PBXVariantGroup;
			children = (
				910D812A0F699C680068CBF3 /* en */,
			);
			name = SearchRepoView.xib;
			sourceTree = "<group>";
		};
/* End PBXVariantGroup section */

/* Begin XCBuildConfiguration section */
		05B37E230F6976AB006644A2 /* Distribution */ = {
			isa = XCBuildConfiguration;
			buildSettings = {
				ARCHS = "$(ARCHS_STANDARD_32_BIT)";
				"CODE_SIGN_IDENTITY[sdk=iphoneos*]" = "iPhone Developer: John Debay";
				GCC_C_LANGUAGE_STANDARD = c99;
				GCC_WARN_ABOUT_RETURN_TYPE = YES;
				GCC_WARN_UNUSED_VARIABLE = YES;
				PREBINDING = NO;
				"PROVISIONING_PROFILE[sdk=iphoneos*]" = "7BA2A4D0-E0C3-4743-88E1-8CFDFBE6C586";
				SDKROOT = iphoneos2.2.1;
			};
			name = Distribution;
		};
		05B37E240F6976AB006644A2 /* Distribution */ = {
			isa = XCBuildConfiguration;
			buildSettings = {
				ALWAYS_SEARCH_USER_PATHS = NO;
				COPY_PHASE_STRIP = YES;
				GCC_PRECOMPILE_PREFIX_HEADER = YES;
				GCC_PREFIX_HEADER = code_watch_Prefix.pch;
				INFOPLIST_FILE = Info.plist;
				PRODUCT_NAME = "Code Watch";
			};
			name = Distribution;
		};
		1D6058940D05DD3E006BFB54 /* Debug */ = {
			isa = XCBuildConfiguration;
			buildSettings = {
				ALWAYS_SEARCH_USER_PATHS = NO;
				COPY_PHASE_STRIP = NO;
				GCC_DYNAMIC_NO_PIC = NO;
				GCC_OPTIMIZATION_LEVEL = 0;
				GCC_PRECOMPILE_PREFIX_HEADER = YES;
				GCC_PREFIX_HEADER = code_watch_Prefix.pch;
				INFOPLIST_FILE = Info.plist;
				PRODUCT_NAME = "Code Watch";
			};
			name = Debug;
		};
		1D6058950D05DD3E006BFB54 /* Release */ = {
			isa = XCBuildConfiguration;
			buildSettings = {
				ALWAYS_SEARCH_USER_PATHS = NO;
				COPY_PHASE_STRIP = YES;
				GCC_PRECOMPILE_PREFIX_HEADER = YES;
				GCC_PREFIX_HEADER = code_watch_Prefix.pch;
				INFOPLIST_FILE = Info.plist;
				PRODUCT_NAME = "Code Watch";
			};
			name = Release;
		};
		C01FCF4F08A954540054247B /* Debug */ = {
			isa = XCBuildConfiguration;
			buildSettings = {
				ARCHS = "$(ARCHS_STANDARD_32_BIT)";
				"CODE_SIGN_IDENTITY[sdk=iphoneos*]" = "iPhone Developer: John Debay";
				GCC_C_LANGUAGE_STANDARD = c99;
				GCC_WARN_ABOUT_RETURN_TYPE = YES;
				GCC_WARN_UNUSED_VARIABLE = YES;
				ONLY_ACTIVE_ARCH = YES;
				PREBINDING = NO;
				"PROVISIONING_PROFILE[sdk=iphoneos*]" = "7BA2A4D0-E0C3-4743-88E1-8CFDFBE6C586";
				SDKROOT = iphoneos2.2.1;
			};
			name = Debug;
		};
		C01FCF5008A954540054247B /* Release */ = {
			isa = XCBuildConfiguration;
			buildSettings = {
				ARCHS = "$(ARCHS_STANDARD_32_BIT)";
				"CODE_SIGN_IDENTITY[sdk=iphoneos*]" = "iPhone Developer: John Debay";
				GCC_C_LANGUAGE_STANDARD = c99;
				GCC_WARN_ABOUT_RETURN_TYPE = YES;
				GCC_WARN_UNUSED_VARIABLE = YES;
				PREBINDING = NO;
				"PROVISIONING_PROFILE[sdk=iphoneos*]" = "7BA2A4D0-E0C3-4743-88E1-8CFDFBE6C586";
				SDKROOT = iphoneos2.2.1;
			};
			name = Release;
		};
/* End XCBuildConfiguration section */

/* Begin XCConfigurationList section */
		1D6058960D05DD3E006BFB54 /* Build configuration list for PBXNativeTarget "code-watch" */ = {
			isa = XCConfigurationList;
			buildConfigurations = (
				1D6058940D05DD3E006BFB54 /* Debug */,
				1D6058950D05DD3E006BFB54 /* Release */,
				05B37E240F6976AB006644A2 /* Distribution */,
			);
			defaultConfigurationIsVisible = 0;
			defaultConfigurationName = Release;
		};
		C01FCF4E08A954540054247B /* Build configuration list for PBXProject "code-watch" */ = {
			isa = XCConfigurationList;
			buildConfigurations = (
				C01FCF4F08A954540054247B /* Debug */,
				C01FCF5008A954540054247B /* Release */,
				05B37E230F6976AB006644A2 /* Distribution */,
			);
			defaultConfigurationIsVisible = 0;
			defaultConfigurationName = Release;
		};
/* End XCConfigurationList section */
	};
	rootObject = 29B97313FDCFA39411CA2CEA /* Project object */;
}
