// !$*UTF8*$!
{
	archiveVersion = 1;
	classes = {
	};
	objectVersion = 45;
	objects = {

/* Begin PBXBuildFile section */
		05158A7D0F6AC293009A7995 /* Localizable.strings in Resources */ = {isa = PBXBuildFile; fileRef = 05158A7B0F6AC293009A7995 /* Localizable.strings */; };
		051CDCDE0F6C0CEC0049D2BD /* GitHub.m in Sources */ = {isa = PBXBuildFile; fileRef = 051CDCDD0F6C0CEC0049D2BD /* GitHub.m */; };
		051CDCE20F6C0D140049D2BD /* JsonGitHubApiParserImpl.m in Sources */ = {isa = PBXBuildFile; fileRef = 051CDCE10F6C0D140049D2BD /* JsonGitHubApiParserImpl.m */; };
		051CDD290F6C263A0049D2BD /* GitHubApiRequest.m in Sources */ = {isa = PBXBuildFile; fileRef = 051CDD280F6C263A0049D2BD /* GitHubApiRequest.m */; };
		051CDD2C0F6C29690049D2BD /* NSString+NSDataAdditions.m in Sources */ = {isa = PBXBuildFile; fileRef = 051CDD2B0F6C29690049D2BD /* NSString+NSDataAdditions.m */; };
		051CDD3F0F6C33FE0049D2BD /* NSString+UrlAdditions.m in Sources */ = {isa = PBXBuildFile; fileRef = 051CDD3E0F6C33FE0049D2BD /* NSString+UrlAdditions.m */; };
		051FBA900F6AE2C900DB8696 /* NSObject+RuntimeAdditions.m in Sources */ = {isa = PBXBuildFile; fileRef = 051FBA8F0F6AE2C900DB8696 /* NSObject+RuntimeAdditions.m */; };
		0524D2D20F719BC3006BA721 /* CommitInfo.m in Sources */ = {isa = PBXBuildFile; fileRef = 0524D2D10F719BC3006BA721 /* CommitInfo.m */; };
		053420330F69E987000EECB1 /* NameValueTextEntryTableViewCell.m in Sources */ = {isa = PBXBuildFile; fileRef = 053420320F69E987000EECB1 /* NameValueTextEntryTableViewCell.m */; };
		053420370F69EAE6000EECB1 /* NameValueTextEntryTableViewCell.xib in Resources */ = {isa = PBXBuildFile; fileRef = 053420350F69EAE6000EECB1 /* NameValueTextEntryTableViewCell.xib */; };
		053420400F69EBC4000EECB1 /* LogInViewController.m in Sources */ = {isa = PBXBuildFile; fileRef = 0534203F0F69EBC4000EECB1 /* LogInViewController.m */; };
		053420790F69F16B000EECB1 /* UITableViewCell+CodeWatchAdditions.m in Sources */ = {isa = PBXBuildFile; fileRef = 053420780F69F16B000EECB1 /* UITableViewCell+CodeWatchAdditions.m */; };
		053B7B3F0F700C3B0084B219 /* NSError+InstantiationAdditions.m in Sources */ = {isa = PBXBuildFile; fileRef = 053B7B3E0F700C3B0084B219 /* NSError+InstantiationAdditions.m */; };
		053B7B610F700EA00084B219 /* UIApplication+NetworkActivityIndicatorAdditions.m in Sources */ = {isa = PBXBuildFile; fileRef = 053B7B600F700EA00084B219 /* UIApplication+NetworkActivityIndicatorAdditions.m */; };
		054C06F70F6F0D5000999FEA /* GitHubService.m in Sources */ = {isa = PBXBuildFile; fileRef = 054C06F60F6F0D5000999FEA /* GitHubService.m */; };
		0560A0620F69C83E0031A852 /* CodeWatchAppController.m in Sources */ = {isa = PBXBuildFile; fileRef = 0560A05A0F69C83E0031A852 /* CodeWatchAppController.m */; };
		0560A0630F69C83E0031A852 /* CodeWatchAppDelegate.m in Sources */ = {isa = PBXBuildFile; fileRef = 0560A05C0F69C83E0031A852 /* CodeWatchAppDelegate.m */; };
		0560A0640F69C83E0031A852 /* UILogInMgr.m in Sources */ = {isa = PBXBuildFile; fileRef = 0560A0610F69C83E0031A852 /* UILogInMgr.m */; };
		0599363C0F6975A80005B934 /* MainWindow.xib in Resources */ = {isa = PBXBuildFile; fileRef = 059936380F6975A80005B934 /* MainWindow.xib */; };
		05B98FC70F705AD60039602B /* LogInHelpViewController.m in Sources */ = {isa = PBXBuildFile; fileRef = 05B98FC60F705AD60039602B /* LogInHelpViewController.m */; };
		05B98FCA0F705B010039602B /* LogInHelpView.xib in Resources */ = {isa = PBXBuildFile; fileRef = 05B98FC80F705B010039602B /* LogInHelpView.xib */; };
		05B98FEE0F705CFE0039602B /* log-in-help.html in Resources */ = {isa = PBXBuildFile; fileRef = 05B98FED0F705CFE0039602B /* log-in-help.html */; };
		05B990180F7062B10039602B /* RepoInfo.m in Sources */ = {isa = PBXBuildFile; fileRef = 05B990170F7062B10039602B /* RepoInfo.m */; };
		05B990830F7079F20039602B /* RepoViewController.m in Sources */ = {isa = PBXBuildFile; fileRef = 05B990820F7079F20039602B /* RepoViewController.m */; };
		05B990860F707B6E0039602B /* RepoView.xib in Resources */ = {isa = PBXBuildFile; fileRef = 05B990840F707B6E0039602B /* RepoView.xib */; };
		05B9908A0F707DD20039602B /* RepoActivityTableViewCell.xib in Resources */ = {isa = PBXBuildFile; fileRef = 05B990880F707DD20039602B /* RepoActivityTableViewCell.xib */; };
		05B9908E0F7080940039602B /* RepoActivityTableViewCell.m in Sources */ = {isa = PBXBuildFile; fileRef = 05B9908D0F7080940039602B /* RepoActivityTableViewCell.m */; };
		05B990A50F70886E0039602B /* RepoDisplayMgr.m in Sources */ = {isa = PBXBuildFile; fileRef = 05B990A40F70886E0039602B /* RepoDisplayMgr.m */; };
		05BB60D00F6B23710005A635 /* GitHubApi.m in Sources */ = {isa = PBXBuildFile; fileRef = 05BB60CF0F6B23710005A635 /* GitHubApi.m */; };
		05F4CF2F0F6C5ECB00B107BB /* GitHubApiParser.m in Sources */ = {isa = PBXBuildFile; fileRef = 05F4CF2E0F6C5ECB00B107BB /* GitHubApiParser.m */; };
		1D60589B0D05DD56006BFB54 /* main.m in Sources */ = {isa = PBXBuildFile; fileRef = 29B97316FDCFA39411CA2CEA /* main.m */; };
		1D60589F0D05DD5A006BFB54 /* Foundation.framework in Frameworks */ = {isa = PBXBuildFile; fileRef = 1D30AB110D05D00D00671497 /* Foundation.framework */; };
		1DF5F4E00D08C38300B7A737 /* UIKit.framework in Frameworks */ = {isa = PBXBuildFile; fileRef = 1DF5F4DF0D08C38300B7A737 /* UIKit.framework */; };
		288765080DF74369002DB57D /* CoreGraphics.framework in Frameworks */ = {isa = PBXBuildFile; fileRef = 288765070DF74369002DB57D /* CoreGraphics.framework */; };
		910D80CC0F697DB30068CBF3 /* UserView.xib in Resources */ = {isa = PBXBuildFile; fileRef = 910D80CA0F697DB30068CBF3 /* UserView.xib */; };
		910D81160F6987EB0068CBF3 /* LogInView.xib in Resources */ = {isa = PBXBuildFile; fileRef = 910D81140F6987EB0068CBF3 /* LogInView.xib */; };
		910D812B0F699C680068CBF3 /* SearchRepoView.xib in Resources */ = {isa = PBXBuildFile; fileRef = 910D81290F699C680068CBF3 /* SearchRepoView.xib */; };
		910D82240F69CAC90068CBF3 /* LogInState.m in Sources */ = {isa = PBXBuildFile; fileRef = 910D82230F69CAC90068CBF3 /* LogInState.m */; };
		910D823E0F69D4F50068CBF3 /* LogInPersistenceStore.m in Sources */ = {isa = PBXBuildFile; fileRef = 910D823D0F69D4F50068CBF3 /* LogInPersistenceStore.m */; };
		910D82830F69DDF00068CBF3 /* PListUtils.m in Sources */ = {isa = PBXBuildFile; fileRef = 910D82820F69DDF00068CBF3 /* PListUtils.m */; };
		910D82880F69DE0B0068CBF3 /* InfoPlistConfigReader.m in Sources */ = {isa = PBXBuildFile; fileRef = 910D82870F69DE0B0068CBF3 /* InfoPlistConfigReader.m */; };
		910D828B0F69E0180068CBF3 /* LogInState.plist in Resources */ = {isa = PBXBuildFile; fileRef = 910D828A0F69E0180068CBF3 /* LogInState.plist */; };
		91129B2B0F6C7EBC00D32C90 /* DefaultAvatar.png in Resources */ = {isa = PBXBuildFile; fileRef = 91129B2A0F6C7EBC00D32C90 /* DefaultAvatar.png */; };
		9127DD040F6B1065009CDBD5 /* UserViewController.m in Sources */ = {isa = PBXBuildFile; fileRef = 9127DD030F6B1065009CDBD5 /* UserViewController.m */; };
		9127DDC30F6C25C1009CDBD5 /* UserInfo.m in Sources */ = {isa = PBXBuildFile; fileRef = 9127DDC20F6C25C1009CDBD5 /* UserInfo.m */; };
		9152A0F70F6A1F540037A52F /* Icon.png in Resources */ = {isa = PBXBuildFile; fileRef = 9152A0F60F6A1F540037A52F /* Icon.png */; };
		9152A10F0F6AB24B0037A52F /* SFHFKeychainUtils.m in Sources */ = {isa = PBXBuildFile; fileRef = 9152A10E0F6AB24B0037A52F /* SFHFKeychainUtils.m */; };
		9152A1280F6AB7570037A52F /* Security.framework in Frameworks */ = {isa = PBXBuildFile; fileRef = 9152A1270F6AB7570037A52F /* Security.framework */; };
		9152A1860F6ACE4A0037A52F /* UserIcon.png in Resources */ = {isa = PBXBuildFile; fileRef = 9152A1850F6ACE4A0037A52F /* UserIcon.png */; };
		9152A1970F6ADAD20037A52F /* HomeIcon.png in Resources */ = {isa = PBXBuildFile; fileRef = 9152A1960F6ADAD20037A52F /* HomeIcon.png */; };
		9152A1F40F6AFF8A0037A52F /* UsersIcon.png in Resources */ = {isa = PBXBuildFile; fileRef = 9152A1F30F6AFF8A0037A52F /* UsersIcon.png */; };
		91B6205B0F6C54540077CDB9 /* UserDetailTableViewCell.m in Sources */ = {isa = PBXBuildFile; fileRef = 91B6205A0F6C54540077CDB9 /* UserDetailTableViewCell.m */; };
		91B6205E0F6C54830077CDB9 /* UserDetailTableViewCell.xib in Resources */ = {isa = PBXBuildFile; fileRef = 91B6205C0F6C54830077CDB9 /* UserDetailTableViewCell.xib */; };
		91CC52350F6C9D98000AD3FB /* NetworkAwareViewController.m in Sources */ = {isa = PBXBuildFile; fileRef = 91CC52340F6C9D98000AD3FB /* NetworkAwareViewController.m */; };
		91CC52DC0F6DC6C4000AD3FB /* UserCache.m in Sources */ = {isa = PBXBuildFile; fileRef = 91CC52DB0F6DC6C4000AD3FB /* UserCache.m */; };
		91CC535A0F6EC311000AD3FB /* UserDisplayMgr.m in Sources */ = {isa = PBXBuildFile; fileRef = 91CC53590F6EC311000AD3FB /* UserDisplayMgr.m */; };
		91F89B2B0F7057C500993921 /* NewsFeedTableViewCell.xib in Resources */ = {isa = PBXBuildFile; fileRef = 91F89B290F7057C500993921 /* NewsFeedTableViewCell.xib */; };
		91F89B400F705EB300993921 /* NewsFeedTableViewCell.m in Sources */ = {isa = PBXBuildFile; fileRef = 91F89B3D0F705EB300993921 /* NewsFeedTableViewCell.m */; };
		91F89B410F705EB300993921 /* NewsFeedTableViewController.m in Sources */ = {isa = PBXBuildFile; fileRef = 91F89B3F0F705EB300993921 /* NewsFeedTableViewController.m */; };
		91F89B4C0F7060F600993921 /* RssItem.m in Sources */ = {isa = PBXBuildFile; fileRef = 91F89B4B0F7060F600993921 /* RssItem.m */; };
		91F89BA40F7072D500993921 /* NSDate+IsToday.m in Sources */ = {isa = PBXBuildFile; fileRef = 91F89BA10F7072D500993921 /* NSDate+IsToday.m */; };
		91F89BA50F7072D500993921 /* NSDate+StringHelpers.m in Sources */ = {isa = PBXBuildFile; fileRef = 91F89BA30F7072D500993921 /* NSDate+StringHelpers.m */; };
		91F89BF80F70836A00993921 /* NewsFeedDisplayMgr.m in Sources */ = {isa = PBXBuildFile; fileRef = 91F89BF70F70836A00993921 /* NewsFeedDisplayMgr.m */; };
		91F89C0D0F708B0000993921 /* NewsFeedCache.m in Sources */ = {isa = PBXBuildFile; fileRef = 91F89C0C0F708B0000993921 /* NewsFeedCache.m */; };
		91F970630F6F0A09007B2AB1 /* CodeWatchNavigationController.m in Sources */ = {isa = PBXBuildFile; fileRef = 91F970620F6F0A09007B2AB1 /* CodeWatchNavigationController.m */; };
		91F9715B0F6F24F5007B2AB1 /* UserPersistenceStore.m in Sources */ = {isa = PBXBuildFile; fileRef = 91F9715A0F6F24F5007B2AB1 /* UserPersistenceStore.m */; };
		91FD171F0F715018004549F9 /* NoDataView.xib in Resources */ = {isa = PBXBuildFile; fileRef = 91FD171D0F715018004549F9 /* NoDataView.xib */; };
		91FD17260F7152A7004549F9 /* NoDataViewController.m in Sources */ = {isa = PBXBuildFile; fileRef = 91FD17250F7152A7004549F9 /* NoDataViewController.m */; };
		91FD17620F715D2F004549F9 /* NewsFeedPersistenceStore.m in Sources */ = {isa = PBXBuildFile; fileRef = 91FD17610F715D2F004549F9 /* NewsFeedPersistenceStore.m */; };
		91FD18480F71A388004549F9 /* RepoCache.m in Sources */ = {isa = PBXBuildFile; fileRef = 91FD18450F71A388004549F9 /* RepoCache.m */; };
/* End PBXBuildFile section */

/* Begin PBXFileReference section */
		05158A7C0F6AC293009A7995 /* en */ = {isa = PBXFileReference; fileEncoding = 10; lastKnownFileType = text.plist.strings; name = en; path = en.lproj/Localizable.strings; sourceTree = "<group>"; };
		051CDCDC0F6C0CEC0049D2BD /* GitHub.h */ = {isa = PBXFileReference; fileEncoding = 4; lastKnownFileType = sourcecode.c.h; name = GitHub.h; path = github/GitHub.h; sourceTree = "<group>"; };
		051CDCDD0F6C0CEC0049D2BD /* GitHub.m */ = {isa = PBXFileReference; fileEncoding = 4; lastKnownFileType = sourcecode.c.objc; name = GitHub.m; path = github/GitHub.m; sourceTree = "<group>"; };
		051CDCE00F6C0D140049D2BD /* JsonGitHubApiParserImpl.h */ = {isa = PBXFileReference; fileEncoding = 4; lastKnownFileType = sourcecode.c.h; name = JsonGitHubApiParserImpl.h; path = github/JsonGitHubApiParserImpl.h; sourceTree = "<group>"; };
		051CDCE10F6C0D140049D2BD /* JsonGitHubApiParserImpl.m */ = {isa = PBXFileReference; fileEncoding = 4; lastKnownFileType = sourcecode.c.objc; name = JsonGitHubApiParserImpl.m; path = github/JsonGitHubApiParserImpl.m; sourceTree = "<group>"; };
		051CDCE40F6C0EAF0049D2BD /* GitHubDelegate.h */ = {isa = PBXFileReference; fileEncoding = 4; lastKnownFileType = sourcecode.c.h; name = GitHubDelegate.h; path = github/GitHubDelegate.h; sourceTree = "<group>"; };
		051CDD270F6C263A0049D2BD /* GitHubApiRequest.h */ = {isa = PBXFileReference; fileEncoding = 4; lastKnownFileType = sourcecode.c.h; name = GitHubApiRequest.h; path = github/GitHubApiRequest.h; sourceTree = "<group>"; };
		051CDD280F6C263A0049D2BD /* GitHubApiRequest.m */ = {isa = PBXFileReference; fileEncoding = 4; lastKnownFileType = sourcecode.c.objc; name = GitHubApiRequest.m; path = github/GitHubApiRequest.m; sourceTree = "<group>"; };
		051CDD2A0F6C29690049D2BD /* NSString+NSDataAdditions.h */ = {isa = PBXFileReference; fileEncoding = 4; lastKnownFileType = sourcecode.c.h; path = "NSString+NSDataAdditions.h"; sourceTree = "<group>"; };
		051CDD2B0F6C29690049D2BD /* NSString+NSDataAdditions.m */ = {isa = PBXFileReference; fileEncoding = 4; lastKnownFileType = sourcecode.c.objc; path = "NSString+NSDataAdditions.m"; sourceTree = "<group>"; };
		051CDD3D0F6C33FE0049D2BD /* NSString+UrlAdditions.h */ = {isa = PBXFileReference; fileEncoding = 4; lastKnownFileType = sourcecode.c.h; path = "NSString+UrlAdditions.h"; sourceTree = "<group>"; };
		051CDD3E0F6C33FE0049D2BD /* NSString+UrlAdditions.m */ = {isa = PBXFileReference; fileEncoding = 4; lastKnownFileType = sourcecode.c.objc; path = "NSString+UrlAdditions.m"; sourceTree = "<group>"; };
		051FBA340F6ADED400DB8696 /* LogInViewControllerDelegate.h */ = {isa = PBXFileReference; fileEncoding = 4; lastKnownFileType = sourcecode.c.h; path = LogInViewControllerDelegate.h; sourceTree = "<group>"; };
		051FBA8E0F6AE2C900DB8696 /* NSObject+RuntimeAdditions.h */ = {isa = PBXFileReference; fileEncoding = 4; lastKnownFileType = sourcecode.c.h; path = "NSObject+RuntimeAdditions.h"; sourceTree = "<group>"; };
		051FBA8F0F6AE2C900DB8696 /* NSObject+RuntimeAdditions.m */ = {isa = PBXFileReference; fileEncoding = 4; lastKnownFileType = sourcecode.c.objc; path = "NSObject+RuntimeAdditions.m"; sourceTree = "<group>"; };
		0524D2D00F719BC3006BA721 /* CommitInfo.h */ = {isa = PBXFileReference; fileEncoding = 4; lastKnownFileType = sourcecode.c.h; name = CommitInfo.h; path = commit/CommitInfo.h; sourceTree = "<group>"; };
		0524D2D10F719BC3006BA721 /* CommitInfo.m */ = {isa = PBXFileReference; fileEncoding = 4; lastKnownFileType = sourcecode.c.objc; name = CommitInfo.m; path = commit/CommitInfo.m; sourceTree = "<group>"; };
		053420310F69E987000EECB1 /* NameValueTextEntryTableViewCell.h */ = {isa = PBXFileReference; fileEncoding = 4; lastKnownFileType = sourcecode.c.h; path = NameValueTextEntryTableViewCell.h; sourceTree = "<group>"; };
		053420320F69E987000EECB1 /* NameValueTextEntryTableViewCell.m */ = {isa = PBXFileReference; fileEncoding = 4; lastKnownFileType = sourcecode.c.objc; path = NameValueTextEntryTableViewCell.m; sourceTree = "<group>"; };
		053420360F69EAE6000EECB1 /* en */ = {isa = PBXFileReference; lastKnownFileType = file.xib; name = en; path = en.lproj/NameValueTextEntryTableViewCell.xib; sourceTree = "<group>"; };
		0534203E0F69EBC4000EECB1 /* LogInViewController.h */ = {isa = PBXFileReference; fileEncoding = 4; lastKnownFileType = sourcecode.c.h; path = LogInViewController.h; sourceTree = "<group>"; };
		0534203F0F69EBC4000EECB1 /* LogInViewController.m */ = {isa = PBXFileReference; fileEncoding = 4; lastKnownFileType = sourcecode.c.objc; path = LogInViewController.m; sourceTree = "<group>"; };
		053420770F69F16B000EECB1 /* UITableViewCell+CodeWatchAdditions.h */ = {isa = PBXFileReference; fileEncoding = 4; lastKnownFileType = sourcecode.c.h; path = "UITableViewCell+CodeWatchAdditions.h"; sourceTree = "<group>"; };
		053420780F69F16B000EECB1 /* UITableViewCell+CodeWatchAdditions.m */ = {isa = PBXFileReference; fileEncoding = 4; lastKnownFileType = sourcecode.c.objc; path = "UITableViewCell+CodeWatchAdditions.m"; sourceTree = "<group>"; };
		053B7B3D0F700C3B0084B219 /* NSError+InstantiationAdditions.h */ = {isa = PBXFileReference; fileEncoding = 4; lastKnownFileType = sourcecode.c.h; path = "NSError+InstantiationAdditions.h"; sourceTree = "<group>"; };
		053B7B3E0F700C3B0084B219 /* NSError+InstantiationAdditions.m */ = {isa = PBXFileReference; fileEncoding = 4; lastKnownFileType = sourcecode.c.objc; path = "NSError+InstantiationAdditions.m"; sourceTree = "<group>"; };
		053B7B5F0F700EA00084B219 /* UIApplication+NetworkActivityIndicatorAdditions.h */ = {isa = PBXFileReference; fileEncoding = 4; lastKnownFileType = sourcecode.c.h; path = "UIApplication+NetworkActivityIndicatorAdditions.h"; sourceTree = "<group>"; };
		053B7B600F700EA00084B219 /* UIApplication+NetworkActivityIndicatorAdditions.m */ = {isa = PBXFileReference; fileEncoding = 4; lastKnownFileType = sourcecode.c.objc; path = "UIApplication+NetworkActivityIndicatorAdditions.m"; sourceTree = "<group>"; };
		054C06560F6F07EB00999FEA /* GitHubApiFormat.h */ = {isa = PBXFileReference; fileEncoding = 4; lastKnownFileType = sourcecode.c.h; name = GitHubApiFormat.h; path = github/GitHubApiFormat.h; sourceTree = "<group>"; };
		054C06F50F6F0D5000999FEA /* GitHubService.h */ = {isa = PBXFileReference; fileEncoding = 4; lastKnownFileType = sourcecode.c.h; name = GitHubService.h; path = github/GitHubService.h; sourceTree = "<group>"; };
		054C06F60F6F0D5000999FEA /* GitHubService.m */ = {isa = PBXFileReference; fileEncoding = 4; lastKnownFileType = sourcecode.c.objc; name = GitHubService.m; path = github/GitHubService.m; sourceTree = "<group>"; };
		054C06FE0F6F104200999FEA /* GitHubServiceDelegate.h */ = {isa = PBXFileReference; fileEncoding = 4; lastKnownFileType = sourcecode.c.h; name = GitHubServiceDelegate.h; path = github/GitHubServiceDelegate.h; sourceTree = "<group>"; };
		0560A0590F69C83E0031A852 /* CodeWatchAppController.h */ = {isa = PBXFileReference; fileEncoding = 4; lastKnownFileType = sourcecode.c.h; path = CodeWatchAppController.h; sourceTree = "<group>"; };
		0560A05A0F69C83E0031A852 /* CodeWatchAppController.m */ = {isa = PBXFileReference; fileEncoding = 4; lastKnownFileType = sourcecode.c.objc; path = CodeWatchAppController.m; sourceTree = "<group>"; };
		0560A05B0F69C83E0031A852 /* CodeWatchAppDelegate.h */ = {isa = PBXFileReference; fileEncoding = 4; lastKnownFileType = sourcecode.c.h; path = CodeWatchAppDelegate.h; sourceTree = "<group>"; };
		0560A05C0F69C83E0031A852 /* CodeWatchAppDelegate.m */ = {isa = PBXFileReference; fileEncoding = 4; lastKnownFileType = sourcecode.c.objc; path = CodeWatchAppDelegate.m; sourceTree = "<group>"; };
		0560A05E0F69C83E0031A852 /* LogInMgr.h */ = {isa = PBXFileReference; fileEncoding = 4; lastKnownFileType = sourcecode.c.h; path = LogInMgr.h; sourceTree = "<group>"; };
		0560A0600F69C83E0031A852 /* UILogInMgr.h */ = {isa = PBXFileReference; fileEncoding = 4; lastKnownFileType = sourcecode.c.h; path = UILogInMgr.h; sourceTree = "<group>"; };
		0560A0610F69C83E0031A852 /* UILogInMgr.m */ = {isa = PBXFileReference; fileEncoding = 4; lastKnownFileType = sourcecode.c.objc; path = UILogInMgr.m; sourceTree = "<group>"; };
		059936390F6975A80005B934 /* en */ = {isa = PBXFileReference; lastKnownFileType = file.xib; name = en; path = en.lproj/MainWindow.xib; sourceTree = "<group>"; };
		05B98F440F7053EF0039602B /* GitHubApiVersion.h */ = {isa = PBXFileReference; fileEncoding = 4; lastKnownFileType = sourcecode.c.h; name = GitHubApiVersion.h; path = github/GitHubApiVersion.h; sourceTree = "<group>"; };
		05B98FC50F705AD60039602B /* LogInHelpViewController.h */ = {isa = PBXFileReference; fileEncoding = 4; lastKnownFileType = sourcecode.c.h; path = LogInHelpViewController.h; sourceTree = "<group>"; };
		05B98FC60F705AD60039602B /* LogInHelpViewController.m */ = {isa = PBXFileReference; fileEncoding = 4; lastKnownFileType = sourcecode.c.objc; path = LogInHelpViewController.m; sourceTree = "<group>"; };
		05B98FC90F705B010039602B /* en */ = {isa = PBXFileReference; lastKnownFileType = file.xib; name = en; path = en.lproj/LogInHelpView.xib; sourceTree = "<group>"; };
		05B98FED0F705CFE0039602B /* log-in-help.html */ = {isa = PBXFileReference; fileEncoding = 4; lastKnownFileType = text.html; path = "log-in-help.html"; sourceTree = "<group>"; };
		05B990160F7062B10039602B /* RepoInfo.h */ = {isa = PBXFileReference; fileEncoding = 4; lastKnownFileType = sourcecode.c.h; name = RepoInfo.h; path = repo/RepoInfo.h; sourceTree = "<group>"; };
		05B990170F7062B10039602B /* RepoInfo.m */ = {isa = PBXFileReference; fileEncoding = 4; lastKnownFileType = sourcecode.c.objc; name = RepoInfo.m; path = repo/RepoInfo.m; sourceTree = "<group>"; };
		05B990810F7079F20039602B /* RepoViewController.h */ = {isa = PBXFileReference; fileEncoding = 4; lastKnownFileType = sourcecode.c.h; name = RepoViewController.h; path = repo/RepoViewController.h; sourceTree = "<group>"; };
		05B990820F7079F20039602B /* RepoViewController.m */ = {isa = PBXFileReference; fileEncoding = 4; lastKnownFileType = sourcecode.c.objc; name = RepoViewController.m; path = repo/RepoViewController.m; sourceTree = "<group>"; };
		05B990850F707B6E0039602B /* en */ = {isa = PBXFileReference; lastKnownFileType = file.xib; name = en; path = en.lproj/RepoView.xib; sourceTree = "<group>"; };
		05B990890F707DD20039602B /* en */ = {isa = PBXFileReference; lastKnownFileType = file.xib; name = en; path = en.lproj/RepoActivityTableViewCell.xib; sourceTree = "<group>"; };
		05B9908C0F7080940039602B /* RepoActivityTableViewCell.h */ = {isa = PBXFileReference; fileEncoding = 4; lastKnownFileType = sourcecode.c.h; name = RepoActivityTableViewCell.h; path = repo/RepoActivityTableViewCell.h; sourceTree = "<group>"; };
		05B9908D0F7080940039602B /* RepoActivityTableViewCell.m */ = {isa = PBXFileReference; fileEncoding = 4; lastKnownFileType = sourcecode.c.objc; name = RepoActivityTableViewCell.m; path = repo/RepoActivityTableViewCell.m; sourceTree = "<group>"; };
		05B990A30F70886E0039602B /* RepoDisplayMgr.h */ = {isa = PBXFileReference; fileEncoding = 4; lastKnownFileType = sourcecode.c.h; name = RepoDisplayMgr.h; path = repo/RepoDisplayMgr.h; sourceTree = "<group>"; };
		05B990A40F70886E0039602B /* RepoDisplayMgr.m */ = {isa = PBXFileReference; fileEncoding = 4; lastKnownFileType = sourcecode.c.objc; name = RepoDisplayMgr.m; path = repo/RepoDisplayMgr.m; sourceTree = "<group>"; };
		05B990A80F708B660039602B /* RepoSelector.h */ = {isa = PBXFileReference; fileEncoding = 4; lastKnownFileType = sourcecode.c.h; name = RepoSelector.h; path = repo/RepoSelector.h; sourceTree = "<group>"; };
		05B990C10F7154640039602B /* UserViewControllerDelegate.h */ = {isa = PBXFileReference; fileEncoding = 4; lastKnownFileType = sourcecode.c.h; path = UserViewControllerDelegate.h; sourceTree = "<group>"; };
		05BB60CE0F6B23710005A635 /* GitHubApi.h */ = {isa = PBXFileReference; fileEncoding = 4; lastKnownFileType = sourcecode.c.h; name = GitHubApi.h; path = github/GitHubApi.h; sourceTree = "<group>"; };
		05BB60CF0F6B23710005A635 /* GitHubApi.m */ = {isa = PBXFileReference; fileEncoding = 4; lastKnownFileType = sourcecode.c.objc; name = GitHubApi.m; path = github/GitHubApi.m; sourceTree = "<group>"; };
		05F4CF2D0F6C5ECB00B107BB /* GitHubApiParser.h */ = {isa = PBXFileReference; fileEncoding = 4; lastKnownFileType = sourcecode.c.h; name = GitHubApiParser.h; path = github/GitHubApiParser.h; sourceTree = "<group>"; };
		05F4CF2E0F6C5ECB00B107BB /* GitHubApiParser.m */ = {isa = PBXFileReference; fileEncoding = 4; lastKnownFileType = sourcecode.c.objc; name = GitHubApiParser.m; path = github/GitHubApiParser.m; sourceTree = "<group>"; };
		05F4CF480F6C614A00B107BB /* GitHubApiParserImpl.h */ = {isa = PBXFileReference; fileEncoding = 4; lastKnownFileType = sourcecode.c.h; name = GitHubApiParserImpl.h; path = github/GitHubApiParserImpl.h; sourceTree = "<group>"; };
		05F4CFC30F6C65A300B107BB /* GitHubApiDelegate.h */ = {isa = PBXFileReference; fileEncoding = 4; lastKnownFileType = sourcecode.c.h; name = GitHubApiDelegate.h; path = github/GitHubApiDelegate.h; sourceTree = "<group>"; };
		1D30AB110D05D00D00671497 /* Foundation.framework */ = {isa = PBXFileReference; lastKnownFileType = wrapper.framework; name = Foundation.framework; path = System/Library/Frameworks/Foundation.framework; sourceTree = SDKROOT; };
		1D6058910D05DD3D006BFB54 /* Code Watch.app */ = {isa = PBXFileReference; explicitFileType = wrapper.application; includeInIndex = 0; path = "Code Watch.app"; sourceTree = BUILT_PRODUCTS_DIR; };
		1DF5F4DF0D08C38300B7A737 /* UIKit.framework */ = {isa = PBXFileReference; lastKnownFileType = wrapper.framework; name = UIKit.framework; path = System/Library/Frameworks/UIKit.framework; sourceTree = SDKROOT; };
		288765070DF74369002DB57D /* CoreGraphics.framework */ = {isa = PBXFileReference; lastKnownFileType = wrapper.framework; name = CoreGraphics.framework; path = System/Library/Frameworks/CoreGraphics.framework; sourceTree = SDKROOT; };
		28A0AB4B0D9B1048005BE974 /* code_watch_Prefix.pch */ = {isa = PBXFileReference; fileEncoding = 4; lastKnownFileType = sourcecode.c.h; path = code_watch_Prefix.pch; sourceTree = "<group>"; };
		29B97316FDCFA39411CA2CEA /* main.m */ = {isa = PBXFileReference; fileEncoding = 4; lastKnownFileType = sourcecode.c.objc; path = main.m; sourceTree = "<group>"; };
		8D1107310486CEB800E47090 /* Info.plist */ = {isa = PBXFileReference; fileEncoding = 4; lastKnownFileType = text.plist.xml; path = Info.plist; sourceTree = "<group>"; };
		910D80CB0F697DB30068CBF3 /* en */ = {isa = PBXFileReference; lastKnownFileType = file.xib; name = en; path = en.lproj/UserView.xib; sourceTree = "<group>"; };
		910D81150F6987EB0068CBF3 /* en */ = {isa = PBXFileReference; lastKnownFileType = file.xib; name = en; path = en.lproj/LogInView.xib; sourceTree = "<group>"; };
		910D812A0F699C680068CBF3 /* en */ = {isa = PBXFileReference; lastKnownFileType = file.xib; name = en; path = en.lproj/SearchRepoView.xib; sourceTree = "<group>"; };
		910D82220F69CAC90068CBF3 /* LogInState.h */ = {isa = PBXFileReference; fileEncoding = 4; lastKnownFileType = sourcecode.c.h; path = LogInState.h; sourceTree = "<group>"; };
		910D82230F69CAC90068CBF3 /* LogInState.m */ = {isa = PBXFileReference; fileEncoding = 4; lastKnownFileType = sourcecode.c.objc; path = LogInState.m; sourceTree = "<group>"; };
		910D823C0F69D4F50068CBF3 /* LogInPersistenceStore.h */ = {isa = PBXFileReference; fileEncoding = 4; lastKnownFileType = sourcecode.c.h; path = LogInPersistenceStore.h; sourceTree = "<group>"; };
		910D823D0F69D4F50068CBF3 /* LogInPersistenceStore.m */ = {isa = PBXFileReference; fileEncoding = 4; lastKnownFileType = sourcecode.c.objc; path = LogInPersistenceStore.m; sourceTree = "<group>"; };
		910D82800F69DDF00068CBF3 /* PersistenceStore.h */ = {isa = PBXFileReference; fileEncoding = 4; lastKnownFileType = sourcecode.c.h; path = PersistenceStore.h; sourceTree = "<group>"; };
		910D82810F69DDF00068CBF3 /* PListUtils.h */ = {isa = PBXFileReference; fileEncoding = 4; lastKnownFileType = sourcecode.c.h; path = PListUtils.h; sourceTree = "<group>"; };
		910D82820F69DDF00068CBF3 /* PListUtils.m */ = {isa = PBXFileReference; fileEncoding = 4; lastKnownFileType = sourcecode.c.objc; path = PListUtils.m; sourceTree = "<group>"; };
		910D82850F69DE0B0068CBF3 /* ConfigReader.h */ = {isa = PBXFileReference; fileEncoding = 4; lastKnownFileType = sourcecode.c.h; path = ConfigReader.h; sourceTree = "<group>"; };
		910D82860F69DE0B0068CBF3 /* InfoPlistConfigReader.h */ = {isa = PBXFileReference; fileEncoding = 4; lastKnownFileType = sourcecode.c.h; path = InfoPlistConfigReader.h; sourceTree = "<group>"; };
		910D82870F69DE0B0068CBF3 /* InfoPlistConfigReader.m */ = {isa = PBXFileReference; fileEncoding = 4; lastKnownFileType = sourcecode.c.objc; path = InfoPlistConfigReader.m; sourceTree = "<group>"; };
		910D828A0F69E0180068CBF3 /* LogInState.plist */ = {isa = PBXFileReference; fileEncoding = 4; lastKnownFileType = text.plist.xml; path = LogInState.plist; sourceTree = "<group>"; };
		910D830A0F6A01200068CBF3 /* LogInStateReader.h */ = {isa = PBXFileReference; fileEncoding = 4; lastKnownFileType = sourcecode.c.h; path = LogInStateReader.h; sourceTree = "<group>"; };
		910D830D0F6A012B0068CBF3 /* LogInStateSetter.h */ = {isa = PBXFileReference; fileEncoding = 4; lastKnownFileType = sourcecode.c.h; path = LogInStateSetter.h; sourceTree = "<group>"; };
		91129B2A0F6C7EBC00D32C90 /* DefaultAvatar.png */ = {isa = PBXFileReference; lastKnownFileType = image.png; path = DefaultAvatar.png; sourceTree = "<group>"; };
		9127DD020F6B1065009CDBD5 /* UserViewController.h */ = {isa = PBXFileReference; fileEncoding = 4; lastKnownFileType = sourcecode.c.h; path = UserViewController.h; sourceTree = "<group>"; };
		9127DD030F6B1065009CDBD5 /* UserViewController.m */ = {isa = PBXFileReference; fileEncoding = 4; lastKnownFileType = sourcecode.c.objc; path = UserViewController.m; sourceTree = "<group>"; };
		9127DDC10F6C25C1009CDBD5 /* UserInfo.h */ = {isa = PBXFileReference; fileEncoding = 4; lastKnownFileType = sourcecode.c.h; path = UserInfo.h; sourceTree = "<group>"; };
		9127DDC20F6C25C1009CDBD5 /* UserInfo.m */ = {isa = PBXFileReference; fileEncoding = 4; lastKnownFileType = sourcecode.c.objc; path = UserInfo.m; sourceTree = "<group>"; };
		9152A0F60F6A1F540037A52F /* Icon.png */ = {isa = PBXFileReference; lastKnownFileType = image.png; path = Icon.png; sourceTree = "<group>"; };
		9152A10D0F6AB24B0037A52F /* SFHFKeychainUtils.h */ = {isa = PBXFileReference; fileEncoding = 4; lastKnownFileType = sourcecode.c.h; path = SFHFKeychainUtils.h; sourceTree = "<group>"; };
		9152A10E0F6AB24B0037A52F /* SFHFKeychainUtils.m */ = {isa = PBXFileReference; fileEncoding = 4; lastKnownFileType = sourcecode.c.objc; path = SFHFKeychainUtils.m; sourceTree = "<group>"; };
		9152A1270F6AB7570037A52F /* Security.framework */ = {isa = PBXFileReference; lastKnownFileType = wrapper.framework; name = Security.framework; path = /System/Library/Frameworks/Security.framework; sourceTree = "<absolute>"; };
		9152A1850F6ACE4A0037A52F /* UserIcon.png */ = {isa = PBXFileReference; lastKnownFileType = image.png; path = UserIcon.png; sourceTree = "<group>"; };
		9152A1960F6ADAD20037A52F /* HomeIcon.png */ = {isa = PBXFileReference; lastKnownFileType = image.png; path = HomeIcon.png; sourceTree = "<group>"; };
		9152A1F30F6AFF8A0037A52F /* UsersIcon.png */ = {isa = PBXFileReference; lastKnownFileType = image.png; path = UsersIcon.png; sourceTree = "<group>"; };
		91B620590F6C54540077CDB9 /* UserDetailTableViewCell.h */ = {isa = PBXFileReference; fileEncoding = 4; lastKnownFileType = sourcecode.c.h; path = UserDetailTableViewCell.h; sourceTree = "<group>"; };
		91B6205A0F6C54540077CDB9 /* UserDetailTableViewCell.m */ = {isa = PBXFileReference; fileEncoding = 4; lastKnownFileType = sourcecode.c.objc; path = UserDetailTableViewCell.m; sourceTree = "<group>"; };
		91B6205D0F6C54830077CDB9 /* en */ = {isa = PBXFileReference; lastKnownFileType = file.xib; name = en; path = en.lproj/UserDetailTableViewCell.xib; sourceTree = "<group>"; };
		91CC52330F6C9D98000AD3FB /* NetworkAwareViewController.h */ = {isa = PBXFileReference; fileEncoding = 4; lastKnownFileType = sourcecode.c.h; path = NetworkAwareViewController.h; sourceTree = "<group>"; };
		91CC52340F6C9D98000AD3FB /* NetworkAwareViewController.m */ = {isa = PBXFileReference; fileEncoding = 4; lastKnownFileType = sourcecode.c.objc; path = NetworkAwareViewController.m; sourceTree = "<group>"; };
		91CC52DA0F6DC6C4000AD3FB /* UserCache.h */ = {isa = PBXFileReference; fileEncoding = 4; lastKnownFileType = sourcecode.c.h; path = UserCache.h; sourceTree = "<group>"; };
		91CC52DB0F6DC6C4000AD3FB /* UserCache.m */ = {isa = PBXFileReference; fileEncoding = 4; lastKnownFileType = sourcecode.c.objc; path = UserCache.m; sourceTree = "<group>"; };
		91CC52DD0F6DC711000AD3FB /* UserCacheSetter.h */ = {isa = PBXFileReference; fileEncoding = 4; lastKnownFileType = sourcecode.c.h; path = UserCacheSetter.h; sourceTree = "<group>"; };
		91CC52E00F6DC729000AD3FB /* UserCacheReader.h */ = {isa = PBXFileReference; fileEncoding = 4; lastKnownFileType = sourcecode.c.h; path = UserCacheReader.h; sourceTree = "<group>"; };
		91CC53580F6EC311000AD3FB /* UserDisplayMgr.h */ = {isa = PBXFileReference; fileEncoding = 4; lastKnownFileType = sourcecode.c.h; path = UserDisplayMgr.h; sourceTree = "<group>"; };
		91CC53590F6EC311000AD3FB /* UserDisplayMgr.m */ = {isa = PBXFileReference; fileEncoding = 4; lastKnownFileType = sourcecode.c.objc; path = UserDisplayMgr.m; sourceTree = "<group>"; };
		91F89B2A0F7057C500993921 /* en */ = {isa = PBXFileReference; lastKnownFileType = file.xib; name = en; path = en.lproj/NewsFeedTableViewCell.xib; sourceTree = "<group>"; };
		91F89B3C0F705EB300993921 /* NewsFeedTableViewCell.h */ = {isa = PBXFileReference; fileEncoding = 4; lastKnownFileType = sourcecode.c.h; path = NewsFeedTableViewCell.h; sourceTree = "<group>"; };
		91F89B3D0F705EB300993921 /* NewsFeedTableViewCell.m */ = {isa = PBXFileReference; fileEncoding = 4; lastKnownFileType = sourcecode.c.objc; path = NewsFeedTableViewCell.m; sourceTree = "<group>"; };
		91F89B3E0F705EB300993921 /* NewsFeedTableViewController.h */ = {isa = PBXFileReference; fileEncoding = 4; lastKnownFileType = sourcecode.c.h; path = NewsFeedTableViewController.h; sourceTree = "<group>"; };
		91F89B3F0F705EB300993921 /* NewsFeedTableViewController.m */ = {isa = PBXFileReference; fileEncoding = 4; lastKnownFileType = sourcecode.c.objc; path = NewsFeedTableViewController.m; sourceTree = "<group>"; };
		91F89B4A0F7060F600993921 /* RssItem.h */ = {isa = PBXFileReference; fileEncoding = 4; lastKnownFileType = sourcecode.c.h; path = RssItem.h; sourceTree = "<group>"; };
		91F89B4B0F7060F600993921 /* RssItem.m */ = {isa = PBXFileReference; fileEncoding = 4; lastKnownFileType = sourcecode.c.objc; path = RssItem.m; sourceTree = "<group>"; };
		91F89BA00F7072D500993921 /* NSDate+IsToday.h */ = {isa = PBXFileReference; fileEncoding = 4; lastKnownFileType = sourcecode.c.h; path = "NSDate+IsToday.h"; sourceTree = "<group>"; };
		91F89BA10F7072D500993921 /* NSDate+IsToday.m */ = {isa = PBXFileReference; fileEncoding = 4; lastKnownFileType = sourcecode.c.objc; path = "NSDate+IsToday.m"; sourceTree = "<group>"; };
		91F89BA20F7072D500993921 /* NSDate+StringHelpers.h */ = {isa = PBXFileReference; fileEncoding = 4; lastKnownFileType = sourcecode.c.h; path = "NSDate+StringHelpers.h"; sourceTree = "<group>"; };
		91F89BA30F7072D500993921 /* NSDate+StringHelpers.m */ = {isa = PBXFileReference; fileEncoding = 4; lastKnownFileType = sourcecode.c.objc; path = "NSDate+StringHelpers.m"; sourceTree = "<group>"; };
		91F89BF60F70836A00993921 /* NewsFeedDisplayMgr.h */ = {isa = PBXFileReference; fileEncoding = 4; lastKnownFileType = sourcecode.c.h; path = NewsFeedDisplayMgr.h; sourceTree = "<group>"; };
		91F89BF70F70836A00993921 /* NewsFeedDisplayMgr.m */ = {isa = PBXFileReference; fileEncoding = 4; lastKnownFileType = sourcecode.c.objc; path = NewsFeedDisplayMgr.m; sourceTree = "<group>"; };
		91F89C0B0F708B0000993921 /* NewsFeedCache.h */ = {isa = PBXFileReference; fileEncoding = 4; lastKnownFileType = sourcecode.c.h; path = NewsFeedCache.h; sourceTree = "<group>"; };
		91F89C0C0F708B0000993921 /* NewsFeedCache.m */ = {isa = PBXFileReference; fileEncoding = 4; lastKnownFileType = sourcecode.c.objc; path = NewsFeedCache.m; sourceTree = "<group>"; };
		91F89C0E0F708B3C00993921 /* NewsFeedCacheReader.h */ = {isa = PBXFileReference; fileEncoding = 4; lastKnownFileType = sourcecode.c.h; path = NewsFeedCacheReader.h; sourceTree = "<group>"; };
		91F89C110F708B5300993921 /* NewsFeedCacheSetter.h */ = {isa = PBXFileReference; fileEncoding = 4; lastKnownFileType = sourcecode.c.h; path = NewsFeedCacheSetter.h; sourceTree = "<group>"; };
		91F970430F6F0705007B2AB1 /* CodeWatchDisplayMgr.h */ = {isa = PBXFileReference; fileEncoding = 4; lastKnownFileType = sourcecode.c.h; path = CodeWatchDisplayMgr.h; sourceTree = "<group>"; };
		91F970610F6F0A09007B2AB1 /* CodeWatchNavigationController.h */ = {isa = PBXFileReference; fileEncoding = 4; lastKnownFileType = sourcecode.c.h; path = CodeWatchNavigationController.h; sourceTree = "<group>"; };
		91F970620F6F0A09007B2AB1 /* CodeWatchNavigationController.m */ = {isa = PBXFileReference; fileEncoding = 4; lastKnownFileType = sourcecode.c.objc; path = CodeWatchNavigationController.m; sourceTree = "<group>"; };
		91F971590F6F24F5007B2AB1 /* UserPersistenceStore.h */ = {isa = PBXFileReference; fileEncoding = 4; lastKnownFileType = sourcecode.c.h; path = UserPersistenceStore.h; sourceTree = "<group>"; };
		91F9715A0F6F24F5007B2AB1 /* UserPersistenceStore.m */ = {isa = PBXFileReference; fileEncoding = 4; lastKnownFileType = sourcecode.c.objc; path = UserPersistenceStore.m; sourceTree = "<group>"; };
		91FD171E0F715018004549F9 /* en */ = {isa = PBXFileReference; lastKnownFileType = file.xib; name = en; path = en.lproj/NoDataView.xib; sourceTree = "<group>"; };
		91FD17240F7152A7004549F9 /* NoDataViewController.h */ = {isa = PBXFileReference; fileEncoding = 4; lastKnownFileType = sourcecode.c.h; path = NoDataViewController.h; sourceTree = "<group>"; };
		91FD17250F7152A7004549F9 /* NoDataViewController.m */ = {isa = PBXFileReference; fileEncoding = 4; lastKnownFileType = sourcecode.c.objc; path = NoDataViewController.m; sourceTree = "<group>"; };
		91FD17600F715D2F004549F9 /* NewsFeedPersistenceStore.h */ = {isa = PBXFileReference; fileEncoding = 4; lastKnownFileType = sourcecode.c.h; path = NewsFeedPersistenceStore.h; sourceTree = "<group>"; };
		91FD17610F715D2F004549F9 /* NewsFeedPersistenceStore.m */ = {isa = PBXFileReference; fileEncoding = 4; lastKnownFileType = sourcecode.c.objc; path = NewsFeedPersistenceStore.m; sourceTree = "<group>"; };
		91FD18440F71A388004549F9 /* RepoCache.h */ = {isa = PBXFileReference; fileEncoding = 4; lastKnownFileType = sourcecode.c.h; name = RepoCache.h; path = repo/RepoCache.h; sourceTree = "<group>"; };
		91FD18450F71A388004549F9 /* RepoCache.m */ = {isa = PBXFileReference; fileEncoding = 4; lastKnownFileType = sourcecode.c.objc; name = RepoCache.m; path = repo/RepoCache.m; sourceTree = "<group>"; };
		91FD18460F71A388004549F9 /* RepoCacheReader.h */ = {isa = PBXFileReference; fileEncoding = 4; lastKnownFileType = sourcecode.c.h; name = RepoCacheReader.h; path = repo/RepoCacheReader.h; sourceTree = "<group>"; };
		91FD18470F71A388004549F9 /* RepoCacheSetter.h */ = {isa = PBXFileReference; fileEncoding = 4; lastKnownFileType = sourcecode.c.h; name = RepoCacheSetter.h; path = repo/RepoCacheSetter.h; sourceTree = "<group>"; };
/* End PBXFileReference section */

/* Begin PBXFrameworksBuildPhase section */
		1D60588F0D05DD3D006BFB54 /* Frameworks */ = {
			isa = PBXFrameworksBuildPhase;
			buildActionMask = 2147483647;
			files = (
				1D60589F0D05DD5A006BFB54 /* Foundation.framework in Frameworks */,
				1DF5F4E00D08C38300B7A737 /* UIKit.framework in Frameworks */,
				288765080DF74369002DB57D /* CoreGraphics.framework in Frameworks */,
				9152A1280F6AB7570037A52F /* Security.framework in Frameworks */,
			);
			runOnlyForDeploymentPostprocessing = 0;
		};
/* End PBXFrameworksBuildPhase section */

/* Begin PBXGroup section */
		05158A6E0F6AC251009A7995 /* NIBs */ = {
			isa = PBXGroup;
			children = (
				059936380F6975A80005B934 /* MainWindow.xib */,
				910D80CA0F697DB30068CBF3 /* UserView.xib */,
				910D81140F6987EB0068CBF3 /* LogInView.xib */,
				910D81290F699C680068CBF3 /* SearchRepoView.xib */,
				053420350F69EAE6000EECB1 /* NameValueTextEntryTableViewCell.xib */,
				91B6205C0F6C54830077CDB9 /* UserDetailTableViewCell.xib */,
				91F89B290F7057C500993921 /* NewsFeedTableViewCell.xib */,
				05B98FC80F705B010039602B /* LogInHelpView.xib */,
				05B990840F707B6E0039602B /* RepoView.xib */,
				05B990880F707DD20039602B /* RepoActivityTableViewCell.xib */,
				91FD171D0F715018004549F9 /* NoDataView.xib */,
			);
			name = NIBs;
			sourceTree = "<group>";
		};
		0524D2CF0F719BAE006BA721 /* commit */ = {
			isa = PBXGroup;
			children = (
				0524D2D00F719BC3006BA721 /* CommitInfo.h */,
				0524D2D10F719BC3006BA721 /* CommitInfo.m */,
			);
			name = commit;
			sourceTree = "<group>";
		};
		0534202C0F69DFEF000EECB1 /* shared */ = {
			isa = PBXGroup;
			children = (
				91F89BA00F7072D500993921 /* NSDate+IsToday.h */,
				91F89BA10F7072D500993921 /* NSDate+IsToday.m */,
				91F89BA20F7072D500993921 /* NSDate+StringHelpers.h */,
				91F89BA30F7072D500993921 /* NSDate+StringHelpers.m */,
				053420310F69E987000EECB1 /* NameValueTextEntryTableViewCell.h */,
				053420320F69E987000EECB1 /* NameValueTextEntryTableViewCell.m */,
				053420770F69F16B000EECB1 /* UITableViewCell+CodeWatchAdditions.h */,
				053420780F69F16B000EECB1 /* UITableViewCell+CodeWatchAdditions.m */,
				051FBA8E0F6AE2C900DB8696 /* NSObject+RuntimeAdditions.h */,
				051FBA8F0F6AE2C900DB8696 /* NSObject+RuntimeAdditions.m */,
				051CDD2A0F6C29690049D2BD /* NSString+NSDataAdditions.h */,
				051CDD2B0F6C29690049D2BD /* NSString+NSDataAdditions.m */,
				051CDD3D0F6C33FE0049D2BD /* NSString+UrlAdditions.h */,
				051CDD3E0F6C33FE0049D2BD /* NSString+UrlAdditions.m */,
				053B7B3D0F700C3B0084B219 /* NSError+InstantiationAdditions.h */,
				053B7B3E0F700C3B0084B219 /* NSError+InstantiationAdditions.m */,
				91CC52330F6C9D98000AD3FB /* NetworkAwareViewController.h */,
				91CC52340F6C9D98000AD3FB /* NetworkAwareViewController.m */,
				053B7B5F0F700EA00084B219 /* UIApplication+NetworkActivityIndicatorAdditions.h */,
				053B7B600F700EA00084B219 /* UIApplication+NetworkActivityIndicatorAdditions.m */,
				91FD17240F7152A7004549F9 /* NoDataViewController.h */,
				91FD17250F7152A7004549F9 /* NoDataViewController.m */,
			);
			path = shared;
			sourceTree = "<group>";
		};
		0560A0580F69C83E0031A852 /* app-controller */ = {
			isa = PBXGroup;
			children = (
				91F970610F6F0A09007B2AB1 /* CodeWatchNavigationController.h */,
				91F970620F6F0A09007B2AB1 /* CodeWatchNavigationController.m */,
				0560A0590F69C83E0031A852 /* CodeWatchAppController.h */,
				0560A05A0F69C83E0031A852 /* CodeWatchAppController.m */,
				0560A05B0F69C83E0031A852 /* CodeWatchAppDelegate.h */,
				0560A05C0F69C83E0031A852 /* CodeWatchAppDelegate.m */,
				91F970430F6F0705007B2AB1 /* CodeWatchDisplayMgr.h */,
			);
			path = "app-controller";
			sourceTree = "<group>";
		};
		0560A05D0F69C83E0031A852 /* log-in */ = {
			isa = PBXGroup;
			children = (
				0560A05E0F69C83E0031A852 /* LogInMgr.h */,
				0560A0600F69C83E0031A852 /* UILogInMgr.h */,
				0560A0610F69C83E0031A852 /* UILogInMgr.m */,
				0534203E0F69EBC4000EECB1 /* LogInViewController.h */,
				0534203F0F69EBC4000EECB1 /* LogInViewController.m */,
				051FBA340F6ADED400DB8696 /* LogInViewControllerDelegate.h */,
				910D82220F69CAC90068CBF3 /* LogInState.h */,
				910D82230F69CAC90068CBF3 /* LogInState.m */,
				910D823C0F69D4F50068CBF3 /* LogInPersistenceStore.h */,
				910D823D0F69D4F50068CBF3 /* LogInPersistenceStore.m */,
				910D830A0F6A01200068CBF3 /* LogInStateReader.h */,
				910D830D0F6A012B0068CBF3 /* LogInStateSetter.h */,
				05B98FC50F705AD60039602B /* LogInHelpViewController.h */,
				05B98FC60F705AD60039602B /* LogInHelpViewController.m */,
			);
			path = "log-in";
			sourceTree = "<group>";
		};
		05B98FE40F705CE40039602B /* Help Files */ = {
			isa = PBXGroup;
			children = (
				05B98FED0F705CFE0039602B /* log-in-help.html */,
			);
			name = "Help Files";
			sourceTree = "<group>";
		};
		05B990150F7062850039602B /* repo */ = {
			isa = PBXGroup;
			children = (
				91FD18440F71A388004549F9 /* RepoCache.h */,
				91FD18450F71A388004549F9 /* RepoCache.m */,
				91FD18460F71A388004549F9 /* RepoCacheReader.h */,
				91FD18470F71A388004549F9 /* RepoCacheSetter.h */,
				05B990160F7062B10039602B /* RepoInfo.h */,
				05B990170F7062B10039602B /* RepoInfo.m */,
				05B990810F7079F20039602B /* RepoViewController.h */,
				05B990820F7079F20039602B /* RepoViewController.m */,
				05B9908C0F7080940039602B /* RepoActivityTableViewCell.h */,
				05B9908D0F7080940039602B /* RepoActivityTableViewCell.m */,
				05B990A30F70886E0039602B /* RepoDisplayMgr.h */,
				05B990A40F70886E0039602B /* RepoDisplayMgr.m */,
				05B990A80F708B660039602B /* RepoSelector.h */,
			);
			name = repo;
			sourceTree = "<group>";
		};
		05BB60AA0F6B20F40005A635 /* github */ = {
			isa = PBXGroup;
			children = (
				054C06F50F6F0D5000999FEA /* GitHubService.h */,
				054C06F60F6F0D5000999FEA /* GitHubService.m */,
				054C06FE0F6F104200999FEA /* GitHubServiceDelegate.h */,
				051CDCDC0F6C0CEC0049D2BD /* GitHub.h */,
				051CDCDD0F6C0CEC0049D2BD /* GitHub.m */,
				051CDCE40F6C0EAF0049D2BD /* GitHubDelegate.h */,
				05BB60CE0F6B23710005A635 /* GitHubApi.h */,
				05BB60CF0F6B23710005A635 /* GitHubApi.m */,
				051CDD270F6C263A0049D2BD /* GitHubApiRequest.h */,
				051CDD280F6C263A0049D2BD /* GitHubApiRequest.m */,
				054C06560F6F07EB00999FEA /* GitHubApiFormat.h */,
				05B98F440F7053EF0039602B /* GitHubApiVersion.h */,
				05F4CF2D0F6C5ECB00B107BB /* GitHubApiParser.h */,
				05F4CF2E0F6C5ECB00B107BB /* GitHubApiParser.m */,
				051CDCE00F6C0D140049D2BD /* JsonGitHubApiParserImpl.h */,
				051CDCE10F6C0D140049D2BD /* JsonGitHubApiParserImpl.m */,
				05F4CF480F6C614A00B107BB /* GitHubApiParserImpl.h */,
				05F4CFC30F6C65A300B107BB /* GitHubApiDelegate.h */,
			);
			name = github;
			sourceTree = "<group>";
		};
		080E96DDFE201D6D7F000001 /* Classes */ = {
			isa = PBXGroup;
			children = (
				91F89B3B0F705EB300993921 /* news-feed */,
				05BB60AA0F6B20F40005A635 /* github */,
				9127DD010F6B1065009CDBD5 /* user */,
				05B990150F7062850039602B /* repo */,
				0524D2CF0F719BAE006BA721 /* commit */,
				9152A10B0F6AB24B0037A52F /* vendor */,
				910D82840F69DE0B0068CBF3 /* config-mgmt */,
				910D827F0F69DDF00068CBF3 /* persistence */,
				0560A0580F69C83E0031A852 /* app-controller */,
				0560A05D0F69C83E0031A852 /* log-in */,
				0534202C0F69DFEF000EECB1 /* shared */,
			);
			path = Classes;
			sourceTree = "<group>";
		};
		19C28FACFE9D520D11CA2CBB /* Products */ = {
			isa = PBXGroup;
			children = (
				1D6058910D05DD3D006BFB54 /* Code Watch.app */,
			);
			name = Products;
			sourceTree = "<group>";
		};
		29B97314FDCFA39411CA2CEA /* code-watch */ = {
			isa = PBXGroup;
			children = (
				080E96DDFE201D6D7F000001 /* Classes */,
				29B97315FDCFA39411CA2CEA /* Other Sources */,
				29B97317FDCFA39411CA2CEA /* Resources */,
				29B97323FDCFA39411CA2CEA /* Frameworks */,
				19C28FACFE9D520D11CA2CBB /* Products */,
			);
			name = "code-watch";
			sourceTree = "<group>";
		};
		29B97315FDCFA39411CA2CEA /* Other Sources */ = {
			isa = PBXGroup;
			children = (
				28A0AB4B0D9B1048005BE974 /* code_watch_Prefix.pch */,
				29B97316FDCFA39411CA2CEA /* main.m */,
			);
			name = "Other Sources";
			sourceTree = "<group>";
		};
		29B97317FDCFA39411CA2CEA /* Resources */ = {
			isa = PBXGroup;
			children = (
				8D1107310486CEB800E47090 /* Info.plist */,
				05158A7B0F6AC293009A7995 /* Localizable.strings */,
				9152A1E90F6AFC240037A52F /* Images */,
				05158A6E0F6AC251009A7995 /* NIBs */,
				910D82890F69DFD50068CBF3 /* PLists */,
				05B98FE40F705CE40039602B /* Help Files */,
			);
			name = Resources;
			sourceTree = "<group>";
		};
		29B97323FDCFA39411CA2CEA /* Frameworks */ = {
			isa = PBXGroup;
			children = (
				9152A1270F6AB7570037A52F /* Security.framework */,
				1DF5F4DF0D08C38300B7A737 /* UIKit.framework */,
				1D30AB110D05D00D00671497 /* Foundation.framework */,
				288765070DF74369002DB57D /* CoreGraphics.framework */,
			);
			name = Frameworks;
			sourceTree = "<group>";
		};
		910D827F0F69DDF00068CBF3 /* persistence */ = {
			isa = PBXGroup;
			children = (
				910D82800F69DDF00068CBF3 /* PersistenceStore.h */,
				910D82810F69DDF00068CBF3 /* PListUtils.h */,
				910D82820F69DDF00068CBF3 /* PListUtils.m */,
			);
			path = persistence;
			sourceTree = "<group>";
		};
		910D82840F69DE0B0068CBF3 /* config-mgmt */ = {
			isa = PBXGroup;
			children = (
				910D82850F69DE0B0068CBF3 /* ConfigReader.h */,
				910D82860F69DE0B0068CBF3 /* InfoPlistConfigReader.h */,
				910D82870F69DE0B0068CBF3 /* InfoPlistConfigReader.m */,
			);
			path = "config-mgmt";
			sourceTree = "<group>";
		};
		910D82890F69DFD50068CBF3 /* PLists */ = {
			isa = PBXGroup;
			children = (
				8D1107310486CEB800E47090 /* Info.plist */,
				910D828A0F69E0180068CBF3 /* LogInState.plist */,
			);
			name = PLists;
			sourceTree = "<group>";
		};
		9127DD010F6B1065009CDBD5 /* user */ = {
			isa = PBXGroup;
			children = (
				91B620590F6C54540077CDB9 /* UserDetailTableViewCell.h */,
				91B6205A0F6C54540077CDB9 /* UserDetailTableViewCell.m */,
				9127DD020F6B1065009CDBD5 /* UserViewController.h */,
				9127DD030F6B1065009CDBD5 /* UserViewController.m */,
				05B990C10F7154640039602B /* UserViewControllerDelegate.h */,
				9127DDC10F6C25C1009CDBD5 /* UserInfo.h */,
				9127DDC20F6C25C1009CDBD5 /* UserInfo.m */,
				91CC52DA0F6DC6C4000AD3FB /* UserCache.h */,
				91CC52DB0F6DC6C4000AD3FB /* UserCache.m */,
				91CC52DD0F6DC711000AD3FB /* UserCacheSetter.h */,
				91CC52E00F6DC729000AD3FB /* UserCacheReader.h */,
				91CC53580F6EC311000AD3FB /* UserDisplayMgr.h */,
				91CC53590F6EC311000AD3FB /* UserDisplayMgr.m */,
				91F971590F6F24F5007B2AB1 /* UserPersistenceStore.h */,
				91F9715A0F6F24F5007B2AB1 /* UserPersistenceStore.m */,
			);
			path = user;
			sourceTree = "<group>";
		};
		9152A10B0F6AB24B0037A52F /* vendor */ = {
			isa = PBXGroup;
			children = (
				9152A10C0F6AB24B0037A52F /* sfh-keychain-utils */,
			);
			path = vendor;
			sourceTree = "<group>";
		};
		9152A10C0F6AB24B0037A52F /* sfh-keychain-utils */ = {
			isa = PBXGroup;
			children = (
				9152A10D0F6AB24B0037A52F /* SFHFKeychainUtils.h */,
				9152A10E0F6AB24B0037A52F /* SFHFKeychainUtils.m */,
			);
			path = "sfh-keychain-utils";
			sourceTree = "<group>";
		};
		9152A1E90F6AFC240037A52F /* Images */ = {
			isa = PBXGroup;
			children = (
				91129B2A0F6C7EBC00D32C90 /* DefaultAvatar.png */,
				9152A1F30F6AFF8A0037A52F /* UsersIcon.png */,
				9152A1960F6ADAD20037A52F /* HomeIcon.png */,
				9152A1850F6ACE4A0037A52F /* UserIcon.png */,
				9152A0F60F6A1F540037A52F /* Icon.png */,
			);
			name = Images;
			sourceTree = "<group>";
		};
		91F89B3B0F705EB300993921 /* news-feed */ = {
			isa = PBXGroup;
			children = (
				91F89B3C0F705EB300993921 /* NewsFeedTableViewCell.h */,
				91F89B3D0F705EB300993921 /* NewsFeedTableViewCell.m */,
				91F89B3E0F705EB300993921 /* NewsFeedTableViewController.h */,
				91F89B3F0F705EB300993921 /* NewsFeedTableViewController.m */,
				91F89B4A0F7060F600993921 /* RssItem.h */,
				91F89B4B0F7060F600993921 /* RssItem.m */,
				91F89BF60F70836A00993921 /* NewsFeedDisplayMgr.h */,
				91F89BF70F70836A00993921 /* NewsFeedDisplayMgr.m */,
				91F89C0B0F708B0000993921 /* NewsFeedCache.h */,
				91F89C0C0F708B0000993921 /* NewsFeedCache.m */,
				91F89C0E0F708B3C00993921 /* NewsFeedCacheReader.h */,
				91F89C110F708B5300993921 /* NewsFeedCacheSetter.h */,
				91FD17600F715D2F004549F9 /* NewsFeedPersistenceStore.h */,
				91FD17610F715D2F004549F9 /* NewsFeedPersistenceStore.m */,
			);
			path = "news-feed";
			sourceTree = "<group>";
		};
/* End PBXGroup section */

/* Begin PBXNativeTarget section */
		1D6058900D05DD3D006BFB54 /* code-watch */ = {
			isa = PBXNativeTarget;
			buildConfigurationList = 1D6058960D05DD3E006BFB54 /* Build configuration list for PBXNativeTarget "code-watch" */;
			buildPhases = (
				1D60588D0D05DD3D006BFB54 /* Resources */,
				1D60588E0D05DD3D006BFB54 /* Sources */,
				1D60588F0D05DD3D006BFB54 /* Frameworks */,
			);
			buildRules = (
			);
			dependencies = (
			);
			name = "code-watch";
			productName = "code-watch";
			productReference = 1D6058910D05DD3D006BFB54 /* Code Watch.app */;
			productType = "com.apple.product-type.application";
		};
/* End PBXNativeTarget section */

/* Begin PBXProject section */
		29B97313FDCFA39411CA2CEA /* Project object */ = {
			isa = PBXProject;
			buildConfigurationList = C01FCF4E08A954540054247B /* Build configuration list for PBXProject "code-watch" */;
			compatibilityVersion = "Xcode 3.1";
			hasScannedForEncodings = 1;
			knownRegions = (
				English,
				Japanese,
				French,
				German,
				en,
			);
			mainGroup = 29B97314FDCFA39411CA2CEA /* code-watch */;
			projectDirPath = "";
			projectRoot = "";
			targets = (
				1D6058900D05DD3D006BFB54 /* code-watch */,
			);
		};
/* End PBXProject section */

/* Begin PBXResourcesBuildPhase section */
		1D60588D0D05DD3D006BFB54 /* Resources */ = {
			isa = PBXResourcesBuildPhase;
			buildActionMask = 2147483647;
			files = (
				0599363C0F6975A80005B934 /* MainWindow.xib in Resources */,
				910D80CC0F697DB30068CBF3 /* UserView.xib in Resources */,
				910D81160F6987EB0068CBF3 /* LogInView.xib in Resources */,
				910D812B0F699C680068CBF3 /* SearchRepoView.xib in Resources */,
				053420370F69EAE6000EECB1 /* NameValueTextEntryTableViewCell.xib in Resources */,
				910D828B0F69E0180068CBF3 /* LogInState.plist in Resources */,
				05158A7D0F6AC293009A7995 /* Localizable.strings in Resources */,
				9152A0F70F6A1F540037A52F /* Icon.png in Resources */,
				9152A1860F6ACE4A0037A52F /* UserIcon.png in Resources */,
				9152A1970F6ADAD20037A52F /* HomeIcon.png in Resources */,
				9152A1F40F6AFF8A0037A52F /* UsersIcon.png in Resources */,
				91B6205E0F6C54830077CDB9 /* UserDetailTableViewCell.xib in Resources */,
				91129B2B0F6C7EBC00D32C90 /* DefaultAvatar.png in Resources */,
				91F89B2B0F7057C500993921 /* NewsFeedTableViewCell.xib in Resources */,
				05B98FCA0F705B010039602B /* LogInHelpView.xib in Resources */,
				05B98FEE0F705CFE0039602B /* log-in-help.html in Resources */,
				05B990860F707B6E0039602B /* RepoView.xib in Resources */,
				05B9908A0F707DD20039602B /* RepoActivityTableViewCell.xib in Resources */,
				91FD171F0F715018004549F9 /* NoDataView.xib in Resources */,
			);
			runOnlyForDeploymentPostprocessing = 0;
		};
/* End PBXResourcesBuildPhase section */

/* Begin PBXSourcesBuildPhase section */
		1D60588E0D05DD3D006BFB54 /* Sources */ = {
			isa = PBXSourcesBuildPhase;
			buildActionMask = 2147483647;
			files = (
				1D60589B0D05DD56006BFB54 /* main.m in Sources */,
				0560A0620F69C83E0031A852 /* CodeWatchAppController.m in Sources */,
				0560A0630F69C83E0031A852 /* CodeWatchAppDelegate.m in Sources */,
				0560A0640F69C83E0031A852 /* UILogInMgr.m in Sources */,
				053420330F69E987000EECB1 /* NameValueTextEntryTableViewCell.m in Sources */,
				053420400F69EBC4000EECB1 /* LogInViewController.m in Sources */,
				053420790F69F16B000EECB1 /* UITableViewCell+CodeWatchAdditions.m in Sources */,
				910D82240F69CAC90068CBF3 /* LogInState.m in Sources */,
				910D823E0F69D4F50068CBF3 /* LogInPersistenceStore.m in Sources */,
				910D82830F69DDF00068CBF3 /* PListUtils.m in Sources */,
				910D82880F69DE0B0068CBF3 /* InfoPlistConfigReader.m in Sources */,
				9152A10F0F6AB24B0037A52F /* SFHFKeychainUtils.m in Sources */,
				9127DD040F6B1065009CDBD5 /* UserViewController.m in Sources */,
				9127DDC30F6C25C1009CDBD5 /* UserInfo.m in Sources */,
				051FBA900F6AE2C900DB8696 /* NSObject+RuntimeAdditions.m in Sources */,
				05BB60D00F6B23710005A635 /* GitHubApi.m in Sources */,
				051CDCDE0F6C0CEC0049D2BD /* GitHub.m in Sources */,
				051CDCE20F6C0D140049D2BD /* JsonGitHubApiParserImpl.m in Sources */,
				051CDD290F6C263A0049D2BD /* GitHubApiRequest.m in Sources */,
				051CDD2C0F6C29690049D2BD /* NSString+NSDataAdditions.m in Sources */,
				051CDD3F0F6C33FE0049D2BD /* NSString+UrlAdditions.m in Sources */,
				05F4CF2F0F6C5ECB00B107BB /* GitHubApiParser.m in Sources */,
				91B6205B0F6C54540077CDB9 /* UserDetailTableViewCell.m in Sources */,
				91CC52350F6C9D98000AD3FB /* NetworkAwareViewController.m in Sources */,
				91CC52DC0F6DC6C4000AD3FB /* UserCache.m in Sources */,
				054C06F70F6F0D5000999FEA /* GitHubService.m in Sources */,
				91CC535A0F6EC311000AD3FB /* UserDisplayMgr.m in Sources */,
				91F970630F6F0A09007B2AB1 /* CodeWatchNavigationController.m in Sources */,
				91F9715B0F6F24F5007B2AB1 /* UserPersistenceStore.m in Sources */,
				053B7B3F0F700C3B0084B219 /* NSError+InstantiationAdditions.m in Sources */,
				053B7B610F700EA00084B219 /* UIApplication+NetworkActivityIndicatorAdditions.m in Sources */,
				91F89B400F705EB300993921 /* NewsFeedTableViewCell.m in Sources */,
				91F89B410F705EB300993921 /* NewsFeedTableViewController.m in Sources */,
				91F89B4C0F7060F600993921 /* RssItem.m in Sources */,
				91F89BA40F7072D500993921 /* NSDate+IsToday.m in Sources */,
				91F89BA50F7072D500993921 /* NSDate+StringHelpers.m in Sources */,
				05B98FC70F705AD60039602B /* LogInHelpViewController.m in Sources */,
				05B990180F7062B10039602B /* RepoInfo.m in Sources */,
				05B990830F7079F20039602B /* RepoViewController.m in Sources */,
				05B9908E0F7080940039602B /* RepoActivityTableViewCell.m in Sources */,
				05B990A50F70886E0039602B /* RepoDisplayMgr.m in Sources */,
				91F89BF80F70836A00993921 /* NewsFeedDisplayMgr.m in Sources */,
				91F89C0D0F708B0000993921 /* NewsFeedCache.m in Sources */,
				91FD17260F7152A7004549F9 /* NoDataViewController.m in Sources */,
				91FD17620F715D2F004549F9 /* NewsFeedPersistenceStore.m in Sources */,
				0524D2D20F719BC3006BA721 /* CommitInfo.m in Sources */,
				91FD18480F71A388004549F9 /* RepoCache.m in Sources */,
			);
			runOnlyForDeploymentPostprocessing = 0;
		};
/* End PBXSourcesBuildPhase section */

/* Begin PBXVariantGroup section */
		05158A7B0F6AC293009A7995 /* Localizable.strings */ = {
			isa = PBXVariantGroup;
			children = (
				05158A7C0F6AC293009A7995 /* en */,
			);
			name = Localizable.strings;
			sourceTree = "<group>";
		};
		053420350F69EAE6000EECB1 /* NameValueTextEntryTableViewCell.xib */ = {
			isa = PBXVariantGroup;
			children = (
				053420360F69EAE6000EECB1 /* en */,
			);
			name = NameValueTextEntryTableViewCell.xib;
			sourceTree = "<group>";
		};
		059936380F6975A80005B934 /* MainWindow.xib */ = {
			isa = PBXVariantGroup;
			children = (
				059936390F6975A80005B934 /* en */,
			);
			name = MainWindow.xib;
			sourceTree = "<group>";
		};
		05B98FC80F705B010039602B /* LogInHelpView.xib */ = {
			isa = PBXVariantGroup;
			children = (
				05B98FC90F705B010039602B /* en */,
			);
			name = LogInHelpView.xib;
			sourceTree = "<group>";
		};
		05B990840F707B6E0039602B /* RepoView.xib */ = {
			isa = PBXVariantGroup;
			children = (
				05B990850F707B6E0039602B /* en */,
			);
			name = RepoView.xib;
			sourceTree = "<group>";
		};
		05B990880F707DD20039602B /* RepoActivityTableViewCell.xib */ = {
			isa = PBXVariantGroup;
			children = (
				05B990890F707DD20039602B /* en */,
			);
			name = RepoActivityTableViewCell.xib;
			sourceTree = "<group>";
		};
		910D80CA0F697DB30068CBF3 /* UserView.xib */ = {
			isa = PBXVariantGroup;
			children = (
				910D80CB0F697DB30068CBF3 /* en */,
			);
			name = UserView.xib;
			sourceTree = "<group>";
		};
		910D81140F6987EB0068CBF3 /* LogInView.xib */ = {
			isa = PBXVariantGroup;
			children = (
				910D81150F6987EB0068CBF3 /* en */,
			);
			name = LogInView.xib;
			sourceTree = "<group>";
		};
		910D81290F699C680068CBF3 /* SearchRepoView.xib */ = {
			isa = PBXVariantGroup;
			children = (
				910D812A0F699C680068CBF3 /* en */,
			);
			name = SearchRepoView.xib;
			sourceTree = "<group>";
		};
		91B6205C0F6C54830077CDB9 /* UserDetailTableViewCell.xib */ = {
			isa = PBXVariantGroup;
			children = (
				91B6205D0F6C54830077CDB9 /* en */,
			);
			name = UserDetailTableViewCell.xib;
			sourceTree = "<group>";
		};
		91F89B290F7057C500993921 /* NewsFeedTableViewCell.xib */ = {
			isa = PBXVariantGroup;
			children = (
				91F89B2A0F7057C500993921 /* en */,
			);
			name = NewsFeedTableViewCell.xib;
			sourceTree = "<group>";
		};
		91FD171D0F715018004549F9 /* NoDataView.xib */ = {
			isa = PBXVariantGroup;
			children = (
				91FD171E0F715018004549F9 /* en */,
			);
			name = NoDataView.xib;
			sourceTree = "<group>";
		};
/* End PBXVariantGroup section */

/* Begin XCBuildConfiguration section */
		05B37E230F6976AB006644A2 /* Distribution */ = {
			isa = XCBuildConfiguration;
			buildSettings = {
				ADDITIONAL_SDKS = "$HOME/Library/SDKs/JSON/$(PLATFORM_NAME).sdk";
				ARCHS = "$(ARCHS_STANDARD_32_BIT)";
				"CODE_SIGN_IDENTITY[sdk=iphoneos*]" = "iPhone Developer: John Debay";
				CODE_SIGN_RESOURCE_RULES_PATH = "$(SDKROOT)/ResourceRules.plist";
				GCC_C_LANGUAGE_STANDARD = c99;
				GCC_WARN_ABOUT_RETURN_TYPE = YES;
				GCC_WARN_UNUSED_VARIABLE = YES;
				OTHER_LDFLAGS = (
					"-ObjC",
					"-ljson",
				);
				PREBINDING = NO;
				"PROVISIONING_PROFILE[sdk=iphoneos*]" = "7BA2A4D0-E0C3-4743-88E1-8CFDFBE6C586";
				SDKROOT = iphoneos2.2.1;
			};
			name = Distribution;
		};
		05B37E240F6976AB006644A2 /* Distribution */ = {
			isa = XCBuildConfiguration;
			buildSettings = {
				ALWAYS_SEARCH_USER_PATHS = NO;
				COPY_PHASE_STRIP = YES;
				FRAMEWORK_SEARCH_PATHS = (
					"$(inherited)",
					"\"$(SRCROOT)/../../../../Library/Frameworks\"",
				);
				GCC_PRECOMPILE_PREFIX_HEADER = YES;
				GCC_PREFIX_HEADER = code_watch_Prefix.pch;
				INFOPLIST_FILE = Info.plist;
				PRODUCT_NAME = "Code Watch";
			};
			name = Distribution;
		};
		1D6058940D05DD3E006BFB54 /* Debug */ = {
			isa = XCBuildConfiguration;
			buildSettings = {
				ALWAYS_SEARCH_USER_PATHS = NO;
				COPY_PHASE_STRIP = NO;
				FRAMEWORK_SEARCH_PATHS = (
					"$(inherited)",
					"\"$(SRCROOT)/../../../../Library/Frameworks\"",
				);
				GCC_DYNAMIC_NO_PIC = NO;
				GCC_OPTIMIZATION_LEVEL = 0;
				GCC_PRECOMPILE_PREFIX_HEADER = YES;
				GCC_PREFIX_HEADER = code_watch_Prefix.pch;
				INFOPLIST_FILE = Info.plist;
				PRODUCT_NAME = "Code Watch";
			};
			name = Debug;
		};
		1D6058950D05DD3E006BFB54 /* Release */ = {
			isa = XCBuildConfiguration;
			buildSettings = {
				ALWAYS_SEARCH_USER_PATHS = NO;
				COPY_PHASE_STRIP = YES;
				FRAMEWORK_SEARCH_PATHS = (
					"$(inherited)",
					"\"$(SRCROOT)/../../../../Library/Frameworks\"",
				);
				GCC_PRECOMPILE_PREFIX_HEADER = YES;
				GCC_PREFIX_HEADER = code_watch_Prefix.pch;
				INFOPLIST_FILE = Info.plist;
				PRODUCT_NAME = "Code Watch";
			};
			name = Release;
		};
		C01FCF4F08A954540054247B /* Debug */ = {
			isa = XCBuildConfiguration;
			buildSettings = {
				ADDITIONAL_SDKS = "$HOME/Library/SDKs/JSON/$(PLATFORM_NAME).sdk";
				ARCHS = "$(ARCHS_STANDARD_32_BIT)";
				"CODE_SIGN_IDENTITY[sdk=iphoneos*]" = "iPhone Developer: John Debay";
				CODE_SIGN_RESOURCE_RULES_PATH = "$(SDKROOT)/ResourceRules.plist";
				GCC_C_LANGUAGE_STANDARD = c99;
				GCC_WARN_ABOUT_RETURN_TYPE = YES;
				GCC_WARN_UNUSED_VARIABLE = YES;
				ONLY_ACTIVE_ARCH = YES;
				OTHER_LDFLAGS = (
					"-ObjC",
					"-ljson",
				);
				PREBINDING = NO;
				"PROVISIONING_PROFILE[sdk=iphoneos*]" = "7BA2A4D0-E0C3-4743-88E1-8CFDFBE6C586";
				SDKROOT = iphoneos2.2.1;
			};
			name = Debug;
		};
		C01FCF5008A954540054247B /* Release */ = {
			isa = XCBuildConfiguration;
			buildSettings = {
				ADDITIONAL_SDKS = "$HOME/Library/SDKs/JSON/$(PLATFORM_NAME).sdk";
				ARCHS = "$(ARCHS_STANDARD_32_BIT)";
				"CODE_SIGN_IDENTITY[sdk=iphoneos*]" = "iPhone Developer: John Debay";
				CODE_SIGN_RESOURCE_RULES_PATH = "$(SDKROOT)/ResourceRules.plist";
				GCC_C_LANGUAGE_STANDARD = c99;
				GCC_WARN_ABOUT_RETURN_TYPE = YES;
				GCC_WARN_UNUSED_VARIABLE = YES;
				OTHER_LDFLAGS = (
					"-ObjC",
					"-ljson",
				);
				PREBINDING = NO;
				"PROVISIONING_PROFILE[sdk=iphoneos*]" = "7BA2A4D0-E0C3-4743-88E1-8CFDFBE6C586";
				SDKROOT = iphoneos2.2.1;
			};
			name = Release;
		};
/* End XCBuildConfiguration section */

/* Begin XCConfigurationList section */
		1D6058960D05DD3E006BFB54 /* Build configuration list for PBXNativeTarget "code-watch" */ = {
			isa = XCConfigurationList;
			buildConfigurations = (
				1D6058940D05DD3E006BFB54 /* Debug */,
				1D6058950D05DD3E006BFB54 /* Release */,
				05B37E240F6976AB006644A2 /* Distribution */,
			);
			defaultConfigurationIsVisible = 0;
			defaultConfigurationName = Release;
		};
		C01FCF4E08A954540054247B /* Build configuration list for PBXProject "code-watch" */ = {
			isa = XCConfigurationList;
			buildConfigurations = (
				C01FCF4F08A954540054247B /* Debug */,
				C01FCF5008A954540054247B /* Release */,
				05B37E230F6976AB006644A2 /* Distribution */,
			);
			defaultConfigurationIsVisible = 0;
			defaultConfigurationName = Release;
		};
/* End XCConfigurationList section */
	};
	rootObject = 29B97313FDCFA39411CA2CEA /* Project object */;
}
